// !$*UTF8*$!
{
	archiveVersion = 1;
	classes = {
	};
	objectVersion = 51;
	objects = {

/* Begin PBXBuildFile section */
		1F8B50C9E32B8AD9D51B3D34 /* Pods_TestExample.framework in Frameworks */ = {isa = PBXBuildFile; fileRef = DEC79FC486D1C9451FC4E365 /* Pods_TestExample.framework */; };
		D73C2CD125B6FEBD0064A6CB /* R.generated.swift in Sources */ = {isa = PBXBuildFile; fileRef = D73C2CD025B6FEBD0064A6CB /* R.generated.swift */; };
		D74B65AE25B6F9B100DB2EB9 /* AppDelegate.swift in Sources */ = {isa = PBXBuildFile; fileRef = D74B65AD25B6F9B100DB2EB9 /* AppDelegate.swift */; };
		D74B65B725B6F9B100DB2EB9 /* Assets.xcassets in Resources */ = {isa = PBXBuildFile; fileRef = D74B65B625B6F9B100DB2EB9 /* Assets.xcassets */; };
		D74B65BA25B6F9B100DB2EB9 /* LaunchScreen.storyboard in Resources */ = {isa = PBXBuildFile; fileRef = D74B65B825B6F9B100DB2EB9 /* LaunchScreen.storyboard */; };
		D74B65D325B6FA2C00DB2EB9 /* Main.storyboard in Resources */ = {isa = PBXBuildFile; fileRef = D74B65CB25B6FA2C00DB2EB9 /* Main.storyboard */; };
		D74B65D425B6FA2C00DB2EB9 /* MainPresenter.swift in Sources */ = {isa = PBXBuildFile; fileRef = D74B65CC25B6FA2C00DB2EB9 /* MainPresenter.swift */; };
		D74B65D525B6FA2C00DB2EB9 /* MainWorker.swift in Sources */ = {isa = PBXBuildFile; fileRef = D74B65CD25B6FA2C00DB2EB9 /* MainWorker.swift */; };
		D74B65D625B6FA2C00DB2EB9 /* MainRouter.swift in Sources */ = {isa = PBXBuildFile; fileRef = D74B65CE25B6FA2C00DB2EB9 /* MainRouter.swift */; };
		D74B65D725B6FA2C00DB2EB9 /* MainModels.swift in Sources */ = {isa = PBXBuildFile; fileRef = D74B65CF25B6FA2C00DB2EB9 /* MainModels.swift */; };
		D74B65D825B6FA2C00DB2EB9 /* MainViewController.swift in Sources */ = {isa = PBXBuildFile; fileRef = D74B65D025B6FA2C00DB2EB9 /* MainViewController.swift */; };
		D74B65D925B6FA2C00DB2EB9 /* MainInteractor.swift in Sources */ = {isa = PBXBuildFile; fileRef = D74B65D125B6FA2C00DB2EB9 /* MainInteractor.swift */; };
		D74B65DA25B6FA2C00DB2EB9 /* MainConfigurator.swift in Sources */ = {isa = PBXBuildFile; fileRef = D74B65D225B6FA2C00DB2EB9 /* MainConfigurator.swift */; };
		D74B65E325B6FAEB00DB2EB9 /* Colors.xcassets in Resources */ = {isa = PBXBuildFile; fileRef = D74B65E225B6FAEB00DB2EB9 /* Colors.xcassets */; };
		D74B65FA25B6FD4B00DB2EB9 /* CustomLabel.swift in Sources */ = {isa = PBXBuildFile; fileRef = D74B65F925B6FD4B00DB2EB9 /* CustomLabel.swift */; };
/* End PBXBuildFile section */

/* Begin PBXFileReference section */
		5FD686224B35F5852723189B /* Pods-TestExample.debug.xcconfig */ = {isa = PBXFileReference; includeInIndex = 1; lastKnownFileType = text.xcconfig; name = "Pods-TestExample.debug.xcconfig"; path = "Target Support Files/Pods-TestExample/Pods-TestExample.debug.xcconfig"; sourceTree = "<group>"; };
		B77AECB5653A853AD8D30F6D /* Pods-TestExample.release.xcconfig */ = {isa = PBXFileReference; includeInIndex = 1; lastKnownFileType = text.xcconfig; name = "Pods-TestExample.release.xcconfig"; path = "Target Support Files/Pods-TestExample/Pods-TestExample.release.xcconfig"; sourceTree = "<group>"; };
		D73C2CD025B6FEBD0064A6CB /* R.generated.swift */ = {isa = PBXFileReference; fileEncoding = 4; lastKnownFileType = sourcecode.swift; path = R.generated.swift; sourceTree = "<group>"; };
		D74B65AA25B6F9B000DB2EB9 /* TestExample.app */ = {isa = PBXFileReference; explicitFileType = wrapper.application; includeInIndex = 0; path = TestExample.app; sourceTree = BUILT_PRODUCTS_DIR; };
		D74B65AD25B6F9B100DB2EB9 /* AppDelegate.swift */ = {isa = PBXFileReference; lastKnownFileType = sourcecode.swift; path = AppDelegate.swift; sourceTree = "<group>"; };
		D74B65B625B6F9B100DB2EB9 /* Assets.xcassets */ = {isa = PBXFileReference; lastKnownFileType = folder.assetcatalog; path = Assets.xcassets; sourceTree = "<group>"; };
		D74B65B925B6F9B100DB2EB9 /* Base */ = {isa = PBXFileReference; lastKnownFileType = file.storyboard; name = Base; path = Base.lproj/LaunchScreen.storyboard; sourceTree = "<group>"; };
		D74B65BB25B6F9B100DB2EB9 /* Info.plist */ = {isa = PBXFileReference; lastKnownFileType = text.plist.xml; path = Info.plist; sourceTree = "<group>"; };
		D74B65CB25B6FA2C00DB2EB9 /* Main.storyboard */ = {isa = PBXFileReference; lastKnownFileType = file.storyboard; path = Main.storyboard; sourceTree = "<group>"; };
		D74B65CC25B6FA2C00DB2EB9 /* MainPresenter.swift */ = {isa = PBXFileReference; lastKnownFileType = sourcecode.swift; path = MainPresenter.swift; sourceTree = "<group>"; };
		D74B65CD25B6FA2C00DB2EB9 /* MainWorker.swift */ = {isa = PBXFileReference; lastKnownFileType = sourcecode.swift; path = MainWorker.swift; sourceTree = "<group>"; };
		D74B65CE25B6FA2C00DB2EB9 /* MainRouter.swift */ = {isa = PBXFileReference; lastKnownFileType = sourcecode.swift; path = MainRouter.swift; sourceTree = "<group>"; };
		D74B65CF25B6FA2C00DB2EB9 /* MainModels.swift */ = {isa = PBXFileReference; lastKnownFileType = sourcecode.swift; path = MainModels.swift; sourceTree = "<group>"; };
		D74B65D025B6FA2C00DB2EB9 /* MainViewController.swift */ = {isa = PBXFileReference; lastKnownFileType = sourcecode.swift; path = MainViewController.swift; sourceTree = "<group>"; };
		D74B65D125B6FA2C00DB2EB9 /* MainInteractor.swift */ = {isa = PBXFileReference; lastKnownFileType = sourcecode.swift; path = MainInteractor.swift; sourceTree = "<group>"; };
		D74B65D225B6FA2C00DB2EB9 /* MainConfigurator.swift */ = {isa = PBXFileReference; lastKnownFileType = sourcecode.swift; path = MainConfigurator.swift; sourceTree = "<group>"; };
		D74B65E225B6FAEB00DB2EB9 /* Colors.xcassets */ = {isa = PBXFileReference; lastKnownFileType = folder.assetcatalog; path = Colors.xcassets; sourceTree = "<group>"; };
		D74B65E725B6FBDD00DB2EB9 /* Montserrat-Thin.ttf */ = {isa = PBXFileReference; lastKnownFileType = file; path = "Montserrat-Thin.ttf"; sourceTree = "<group>"; };
		D74B65E825B6FBDD00DB2EB9 /* Montserrat-ExtraLight.ttf */ = {isa = PBXFileReference; lastKnownFileType = file; path = "Montserrat-ExtraLight.ttf"; sourceTree = "<group>"; };
		D74B65E925B6FBDD00DB2EB9 /* Montserrat-Black.ttf */ = {isa = PBXFileReference; lastKnownFileType = file; path = "Montserrat-Black.ttf"; sourceTree = "<group>"; };
		D74B65EA25B6FBDD00DB2EB9 /* Montserrat-ExtraBold.ttf */ = {isa = PBXFileReference; lastKnownFileType = file; path = "Montserrat-ExtraBold.ttf"; sourceTree = "<group>"; };
		D74B65EB25B6FBDD00DB2EB9 /* Montserrat-Light.ttf */ = {isa = PBXFileReference; lastKnownFileType = file; path = "Montserrat-Light.ttf"; sourceTree = "<group>"; };
		D74B65EC25B6FBDD00DB2EB9 /* Montserrat-SemiBold.ttf */ = {isa = PBXFileReference; lastKnownFileType = file; path = "Montserrat-SemiBold.ttf"; sourceTree = "<group>"; };
		D74B65ED25B6FBDD00DB2EB9 /* Montserrat-Regular.ttf */ = {isa = PBXFileReference; lastKnownFileType = file; path = "Montserrat-Regular.ttf"; sourceTree = "<group>"; };
		D74B65EE25B6FBDD00DB2EB9 /* Montserrat-Bold.ttf */ = {isa = PBXFileReference; lastKnownFileType = file; path = "Montserrat-Bold.ttf"; sourceTree = "<group>"; };
		D74B65EF25B6FBDD00DB2EB9 /* Montserrat-Medium.ttf */ = {isa = PBXFileReference; lastKnownFileType = file; path = "Montserrat-Medium.ttf"; sourceTree = "<group>"; };
		D74B65F925B6FD4B00DB2EB9 /* CustomLabel.swift */ = {isa = PBXFileReference; lastKnownFileType = sourcecode.swift; path = CustomLabel.swift; sourceTree = "<group>"; };
		DEC79FC486D1C9451FC4E365 /* Pods_TestExample.framework */ = {isa = PBXFileReference; explicitFileType = wrapper.framework; includeInIndex = 0; path = Pods_TestExample.framework; sourceTree = BUILT_PRODUCTS_DIR; };
/* End PBXFileReference section */

/* Begin PBXFrameworksBuildPhase section */
		D74B65A725B6F9B000DB2EB9 /* Frameworks */ = {
			isa = PBXFrameworksBuildPhase;
			buildActionMask = 2147483647;
			files = (
				1F8B50C9E32B8AD9D51B3D34 /* Pods_TestExample.framework in Frameworks */,
			);
			runOnlyForDeploymentPostprocessing = 0;
		};
/* End PBXFrameworksBuildPhase section */

/* Begin PBXGroup section */
		D74B65A125B6F9B000DB2EB9 = {
			isa = PBXGroup;
			children = (
				D74B65AC25B6F9B000DB2EB9 /* TestExample */,
				D74B65AB25B6F9B000DB2EB9 /* Products */,
				DD9DB48AFD924BCD72A8760E /* Pods */,
				FCF5DCCB632EB4B53FDC7BC7 /* Frameworks */,
			);
			sourceTree = "<group>";
		};
		D74B65AB25B6F9B000DB2EB9 /* Products */ = {
			isa = PBXGroup;
			children = (
				D74B65AA25B6F9B000DB2EB9 /* TestExample.app */,
			);
			name = Products;
			sourceTree = "<group>";
		};
		D74B65AC25B6F9B000DB2EB9 /* TestExample */ = {
			isa = PBXGroup;
			children = (
				D74B65C225B6F9B800DB2EB9 /* Application */,
				D74B65C825B6FA1500DB2EB9 /* Core */,
				D74B65C925B6FA1B00DB2EB9 /* Modules */,
			);
			path = TestExample;
			sourceTree = "<group>";
		};
		D74B65C225B6F9B800DB2EB9 /* Application */ = {
			isa = PBXGroup;
			children = (
				D74B65C425B6F9C700DB2EB9 /* Resourses */,
				D74B65AD25B6F9B100DB2EB9 /* AppDelegate.swift */,
				D73C2CD025B6FEBD0064A6CB /* R.generated.swift */,
				D74B65B825B6F9B100DB2EB9 /* LaunchScreen.storyboard */,
				D74B65BB25B6F9B100DB2EB9 /* Info.plist */,
			);
			path = Application;
			sourceTree = "<group>";
		};
		D74B65C425B6F9C700DB2EB9 /* Resourses */ = {
			isa = PBXGroup;
			children = (
				D74B65E525B6FAF600DB2EB9 /* Fonts */,
				D74B65B625B6F9B100DB2EB9 /* Assets.xcassets */,
				D74B65E225B6FAEB00DB2EB9 /* Colors.xcassets */,
			);
			path = Resourses;
			sourceTree = "<group>";
		};
		D74B65C825B6FA1500DB2EB9 /* Core */ = {
			isa = PBXGroup;
			children = (
				D74B65DD25B6FA7F00DB2EB9 /* Common */,
				D74B65DF25B6FA8F00DB2EB9 /* Database */,
				D74B65E025B6FA9A00DB2EB9 /* Network */,
				D74B65DE25B6FA8600DB2EB9 /* UserDefaults */,
			);
			path = Core;
			sourceTree = "<group>";
		};
		D74B65C925B6FA1B00DB2EB9 /* Modules */ = {
			isa = PBXGroup;
			children = (
				D74B65CA25B6FA2000DB2EB9 /* Main */,
			);
			path = Modules;
			sourceTree = "<group>";
		};
		D74B65CA25B6FA2000DB2EB9 /* Main */ = {
			isa = PBXGroup;
			children = (
				D74B65CB25B6FA2C00DB2EB9 /* Main.storyboard */,
				D74B65D025B6FA2C00DB2EB9 /* MainViewController.swift */,
				D74B65D125B6FA2C00DB2EB9 /* MainInteractor.swift */,
				D74B65CC25B6FA2C00DB2EB9 /* MainPresenter.swift */,
				D74B65CD25B6FA2C00DB2EB9 /* MainWorker.swift */,
				D74B65CE25B6FA2C00DB2EB9 /* MainRouter.swift */,
				D74B65CF25B6FA2C00DB2EB9 /* MainModels.swift */,
				D74B65D225B6FA2C00DB2EB9 /* MainConfigurator.swift */,
			);
			path = Main;
			sourceTree = "<group>";
		};
		D74B65DD25B6FA7F00DB2EB9 /* Common */ = {
			isa = PBXGroup;
			children = (
				D74B65F225B6FCFD00DB2EB9 /* Classes */,
				D74B65F425B6FD1000DB2EB9 /* DataStore */,
				D74B65F325B6FD0700DB2EB9 /* Extansion */,
			);
			path = Common;
			sourceTree = "<group>";
		};
		D74B65DE25B6FA8600DB2EB9 /* UserDefaults */ = {
			isa = PBXGroup;
			children = (
			);
			path = UserDefaults;
			sourceTree = "<group>";
		};
		D74B65DF25B6FA8F00DB2EB9 /* Database */ = {
			isa = PBXGroup;
			children = (
			);
			path = Database;
			sourceTree = "<group>";
		};
		D74B65E025B6FA9A00DB2EB9 /* Network */ = {
			isa = PBXGroup;
			children = (
			);
			path = Network;
			sourceTree = "<group>";
		};
		D74B65E525B6FAF600DB2EB9 /* Fonts */ = {
			isa = PBXGroup;
			children = (
				D74B65F025B6FBEA00DB2EB9 /* Montserrat */,
			);
			path = Fonts;
			sourceTree = "<group>";
		};
		D74B65F025B6FBEA00DB2EB9 /* Montserrat */ = {
			isa = PBXGroup;
			children = (
				D74B65E925B6FBDD00DB2EB9 /* Montserrat-Black.ttf */,
				D74B65EE25B6FBDD00DB2EB9 /* Montserrat-Bold.ttf */,
				D74B65EA25B6FBDD00DB2EB9 /* Montserrat-ExtraBold.ttf */,
				D74B65E825B6FBDD00DB2EB9 /* Montserrat-ExtraLight.ttf */,
				D74B65EB25B6FBDD00DB2EB9 /* Montserrat-Light.ttf */,
				D74B65EF25B6FBDD00DB2EB9 /* Montserrat-Medium.ttf */,
				D74B65ED25B6FBDD00DB2EB9 /* Montserrat-Regular.ttf */,
				D74B65EC25B6FBDD00DB2EB9 /* Montserrat-SemiBold.ttf */,
				D74B65E725B6FBDD00DB2EB9 /* Montserrat-Thin.ttf */,
			);
			path = Montserrat;
			sourceTree = "<group>";
		};
		D74B65F225B6FCFD00DB2EB9 /* Classes */ = {
			isa = PBXGroup;
			children = (
				D74B65F925B6FD4B00DB2EB9 /* CustomLabel.swift */,
			);
			path = Classes;
			sourceTree = "<group>";
		};
		D74B65F325B6FD0700DB2EB9 /* Extansion */ = {
			isa = PBXGroup;
			children = (
			);
			path = Extansion;
			sourceTree = "<group>";
		};
		D74B65F425B6FD1000DB2EB9 /* DataStore */ = {
			isa = PBXGroup;
			children = (
			);
			path = DataStore;
			sourceTree = "<group>";
		};
		DD9DB48AFD924BCD72A8760E /* Pods */ = {
			isa = PBXGroup;
			children = (
				5FD686224B35F5852723189B /* Pods-TestExample.debug.xcconfig */,
				B77AECB5653A853AD8D30F6D /* Pods-TestExample.release.xcconfig */,
			);
			path = Pods;
			sourceTree = "<group>";
		};
		FCF5DCCB632EB4B53FDC7BC7 /* Frameworks */ = {
			isa = PBXGroup;
			children = (
				DEC79FC486D1C9451FC4E365 /* Pods_TestExample.framework */,
			);
			name = Frameworks;
			sourceTree = "<group>";
		};
/* End PBXGroup section */

/* Begin PBXNativeTarget section */
		D74B65A925B6F9B000DB2EB9 /* TestExample */ = {
			isa = PBXNativeTarget;
			buildConfigurationList = D74B65BE25B6F9B100DB2EB9 /* Build configuration list for PBXNativeTarget "TestExample" */;
			buildPhases = (
				E6043E2D061D8587C22748EA /* [CP] Check Pods Manifest.lock */,
				D73C2CCE25B6FE720064A6CB /* ShellScript */,
				D74B65A625B6F9B000DB2EB9 /* Sources */,
				D74B65A725B6F9B000DB2EB9 /* Frameworks */,
				D74B65A825B6F9B000DB2EB9 /* Resources */,
				980671771A2513800A65E9E2 /* [CP] Embed Pods Frameworks */,
				BEB917209527D61F7B1F4443 /* [CP] Copy Pods Resources */,
			);
			buildRules = (
			);
			dependencies = (
			);
			name = TestExample;
			productName = TestExample;
			productReference = D74B65AA25B6F9B000DB2EB9 /* TestExample.app */;
			productType = "com.apple.product-type.application";
		};
/* End PBXNativeTarget section */

/* Begin PBXProject section */
		D74B65A225B6F9B000DB2EB9 /* Project object */ = {
			isa = PBXProject;
			attributes = {
				LastSwiftUpdateCheck = 1230;
				LastUpgradeCheck = 1230;
				TargetAttributes = {
					D74B65A925B6F9B000DB2EB9 = {
						CreatedOnToolsVersion = 12.3;
					};
				};
			};
			buildConfigurationList = D74B65A525B6F9B000DB2EB9 /* Build configuration list for PBXProject "TestExample" */;
			compatibilityVersion = "Xcode 9.3";
			developmentRegion = en;
			hasScannedForEncodings = 0;
			knownRegions = (
				en,
				Base,
			);
			mainGroup = D74B65A125B6F9B000DB2EB9;
			productRefGroup = D74B65AB25B6F9B000DB2EB9 /* Products */;
			projectDirPath = "";
			projectRoot = "";
			targets = (
				D74B65A925B6F9B000DB2EB9 /* TestExample */,
			);
		};
/* End PBXProject section */

/* Begin PBXResourcesBuildPhase section */
		D74B65A825B6F9B000DB2EB9 /* Resources */ = {
			isa = PBXResourcesBuildPhase;
			buildActionMask = 2147483647;
			files = (
				D74B65D325B6FA2C00DB2EB9 /* Main.storyboard in Resources */,
				D74B65E325B6FAEB00DB2EB9 /* Colors.xcassets in Resources */,
				D74B65BA25B6F9B100DB2EB9 /* LaunchScreen.storyboard in Resources */,
				D74B65B725B6F9B100DB2EB9 /* Assets.xcassets in Resources */,
			);
			runOnlyForDeploymentPostprocessing = 0;
		};
/* End PBXResourcesBuildPhase section */

/* Begin PBXShellScriptBuildPhase section */
		980671771A2513800A65E9E2 /* [CP] Embed Pods Frameworks */ = {
			isa = PBXShellScriptBuildPhase;
			buildActionMask = 2147483647;
			files = (
			);
			inputFileListPaths = (
				"${PODS_ROOT}/Target Support Files/Pods-TestExample/Pods-TestExample-frameworks-${CONFIGURATION}-input-files.xcfilelist",
			);
			name = "[CP] Embed Pods Frameworks";
			outputFileListPaths = (
				"${PODS_ROOT}/Target Support Files/Pods-TestExample/Pods-TestExample-frameworks-${CONFIGURATION}-output-files.xcfilelist",
			);
			runOnlyForDeploymentPostprocessing = 0;
			shellPath = /bin/sh;
			shellScript = "\"${PODS_ROOT}/Target Support Files/Pods-TestExample/Pods-TestExample-frameworks.sh\"\n";
			showEnvVarsInLog = 0;
		};
		BEB917209527D61F7B1F4443 /* [CP] Copy Pods Resources */ = {
			isa = PBXShellScriptBuildPhase;
			buildActionMask = 2147483647;
			files = (
			);
			inputFileListPaths = (
				"${PODS_ROOT}/Target Support Files/Pods-TestExample/Pods-TestExample-resources-${CONFIGURATION}-input-files.xcfilelist",
			);
			name = "[CP] Copy Pods Resources";
			outputFileListPaths = (
				"${PODS_ROOT}/Target Support Files/Pods-TestExample/Pods-TestExample-resources-${CONFIGURATION}-output-files.xcfilelist",
			);
			runOnlyForDeploymentPostprocessing = 0;
			shellPath = /bin/sh;
			shellScript = "\"${PODS_ROOT}/Target Support Files/Pods-TestExample/Pods-TestExample-resources.sh\"\n";
			showEnvVarsInLog = 0;
		};
		D73C2CCE25B6FE720064A6CB /* ShellScript */ = {
			isa = PBXShellScriptBuildPhase;
			buildActionMask = 2147483647;
			files = (
			);
			inputFileListPaths = (
			);
			inputPaths = (
				"$TEMP_DIR/rswift-lastrun",
			);
			outputFileListPaths = (
			);
			outputPaths = (
				$SRCROOT/$TARGET_NAME/Application/R.generated.swift,
			);
			runOnlyForDeploymentPostprocessing = 0;
			shellPath = /bin/sh;
			shellScript = "\"$PODS_ROOT/R.swift/rswift\" generate \"$SRCROOT/$TARGET_NAME/Application/R.generated.swift\"\n";
		};
		E6043E2D061D8587C22748EA /* [CP] Check Pods Manifest.lock */ = {
			isa = PBXShellScriptBuildPhase;
			buildActionMask = 2147483647;
			files = (
			);
			inputFileListPaths = (
			);
			inputPaths = (
				"${PODS_PODFILE_DIR_PATH}/Podfile.lock",
				"${PODS_ROOT}/Manifest.lock",
			);
			name = "[CP] Check Pods Manifest.lock";
			outputFileListPaths = (
			);
			outputPaths = (
				"$(DERIVED_FILE_DIR)/Pods-TestExample-checkManifestLockResult.txt",
			);
			runOnlyForDeploymentPostprocessing = 0;
			shellPath = /bin/sh;
			shellScript = "diff \"${PODS_PODFILE_DIR_PATH}/Podfile.lock\" \"${PODS_ROOT}/Manifest.lock\" > /dev/null\nif [ $? != 0 ] ; then\n    # print error to STDERR\n    echo \"error: The sandbox is not in sync with the Podfile.lock. Run 'pod install' or update your CocoaPods installation.\" >&2\n    exit 1\nfi\n# This output is used by Xcode 'outputs' to avoid re-running this script phase.\necho \"SUCCESS\" > \"${SCRIPT_OUTPUT_FILE_0}\"\n";
			showEnvVarsInLog = 0;
		};
/* End PBXShellScriptBuildPhase section */

/* Begin PBXSourcesBuildPhase section */
		D74B65A625B6F9B000DB2EB9 /* Sources */ = {
			isa = PBXSourcesBuildPhase;
			buildActionMask = 2147483647;
			files = (
				D74B65AE25B6F9B100DB2EB9 /* AppDelegate.swift in Sources */,
				D74B65FA25B6FD4B00DB2EB9 /* CustomLabel.swift in Sources */,
				D74B65DA25B6FA2C00DB2EB9 /* MainConfigurator.swift in Sources */,
				D74B65D625B6FA2C00DB2EB9 /* MainRouter.swift in Sources */,
				D74B65D725B6FA2C00DB2EB9 /* MainModels.swift in Sources */,
				D74B65D825B6FA2C00DB2EB9 /* MainViewController.swift in Sources */,
				D74B65D525B6FA2C00DB2EB9 /* MainWorker.swift in Sources */,
				D73C2CD125B6FEBD0064A6CB /* R.generated.swift in Sources */,
				D74B65D925B6FA2C00DB2EB9 /* MainInteractor.swift in Sources */,
				D74B65D425B6FA2C00DB2EB9 /* MainPresenter.swift in Sources */,
			);
			runOnlyForDeploymentPostprocessing = 0;
		};
/* End PBXSourcesBuildPhase section */

/* Begin PBXVariantGroup section */
		D74B65B825B6F9B100DB2EB9 /* LaunchScreen.storyboard */ = {
			isa = PBXVariantGroup;
			children = (
				D74B65B925B6F9B100DB2EB9 /* Base */,
			);
			name = LaunchScreen.storyboard;
			sourceTree = "<group>";
		};
/* End PBXVariantGroup section */

/* Begin XCBuildConfiguration section */
		D74B65BC25B6F9B100DB2EB9 /* Debug */ = {
			isa = XCBuildConfiguration;
			buildSettings = {
				ALWAYS_SEARCH_USER_PATHS = NO;
				CLANG_ANALYZER_NONNULL = YES;
				CLANG_ANALYZER_NUMBER_OBJECT_CONVERSION = YES_AGGRESSIVE;
				CLANG_CXX_LANGUAGE_STANDARD = "gnu++14";
				CLANG_CXX_LIBRARY = "libc++";
				CLANG_ENABLE_MODULES = YES;
				CLANG_ENABLE_OBJC_ARC = YES;
				CLANG_ENABLE_OBJC_WEAK = YES;
				CLANG_WARN_BLOCK_CAPTURE_AUTORELEASING = YES;
				CLANG_WARN_BOOL_CONVERSION = YES;
				CLANG_WARN_COMMA = YES;
				CLANG_WARN_CONSTANT_CONVERSION = YES;
				CLANG_WARN_DEPRECATED_OBJC_IMPLEMENTATIONS = YES;
				CLANG_WARN_DIRECT_OBJC_ISA_USAGE = YES_ERROR;
				CLANG_WARN_DOCUMENTATION_COMMENTS = YES;
				CLANG_WARN_EMPTY_BODY = YES;
				CLANG_WARN_ENUM_CONVERSION = YES;
				CLANG_WARN_INFINITE_RECURSION = YES;
				CLANG_WARN_INT_CONVERSION = YES;
				CLANG_WARN_NON_LITERAL_NULL_CONVERSION = YES;
				CLANG_WARN_OBJC_IMPLICIT_RETAIN_SELF = YES;
				CLANG_WARN_OBJC_LITERAL_CONVERSION = YES;
				CLANG_WARN_OBJC_ROOT_CLASS = YES_ERROR;
				CLANG_WARN_QUOTED_INCLUDE_IN_FRAMEWORK_HEADER = YES;
				CLANG_WARN_RANGE_LOOP_ANALYSIS = YES;
				CLANG_WARN_STRICT_PROTOTYPES = YES;
				CLANG_WARN_SUSPICIOUS_MOVE = YES;
				CLANG_WARN_UNGUARDED_AVAILABILITY = YES_AGGRESSIVE;
				CLANG_WARN_UNREACHABLE_CODE = YES;
				CLANG_WARN__DUPLICATE_METHOD_MATCH = YES;
				COPY_PHASE_STRIP = NO;
				DEBUG_INFORMATION_FORMAT = dwarf;
				ENABLE_STRICT_OBJC_MSGSEND = YES;
				ENABLE_TESTABILITY = YES;
				GCC_C_LANGUAGE_STANDARD = gnu11;
				GCC_DYNAMIC_NO_PIC = NO;
				GCC_NO_COMMON_BLOCKS = YES;
				GCC_OPTIMIZATION_LEVEL = 0;
				GCC_PREPROCESSOR_DEFINITIONS = (
					"DEBUG=1",
					"$(inherited)",
				);
				GCC_WARN_64_TO_32_BIT_CONVERSION = YES;
				GCC_WARN_ABOUT_RETURN_TYPE = YES_ERROR;
				GCC_WARN_UNDECLARED_SELECTOR = YES;
				GCC_WARN_UNINITIALIZED_AUTOS = YES_AGGRESSIVE;
				GCC_WARN_UNUSED_FUNCTION = YES;
				GCC_WARN_UNUSED_VARIABLE = YES;
				IPHONEOS_DEPLOYMENT_TARGET = 14.3;
				MTL_ENABLE_DEBUG_INFO = INCLUDE_SOURCE;
				MTL_FAST_MATH = YES;
				ONLY_ACTIVE_ARCH = YES;
				SDKROOT = iphoneos;
				SWIFT_ACTIVE_COMPILATION_CONDITIONS = DEBUG;
				SWIFT_OPTIMIZATION_LEVEL = "-Onone";
			};
			name = Debug;
		};
		D74B65BD25B6F9B100DB2EB9 /* Release */ = {
			isa = XCBuildConfiguration;
			buildSettings = {
				ALWAYS_SEARCH_USER_PATHS = NO;
				CLANG_ANALYZER_NONNULL = YES;
				CLANG_ANALYZER_NUMBER_OBJECT_CONVERSION = YES_AGGRESSIVE;
				CLANG_CXX_LANGUAGE_STANDARD = "gnu++14";
				CLANG_CXX_LIBRARY = "libc++";
				CLANG_ENABLE_MODULES = YES;
				CLANG_ENABLE_OBJC_ARC = YES;
				CLANG_ENABLE_OBJC_WEAK = YES;
				CLANG_WARN_BLOCK_CAPTURE_AUTORELEASING = YES;
				CLANG_WARN_BOOL_CONVERSION = YES;
				CLANG_WARN_COMMA = YES;
				CLANG_WARN_CONSTANT_CONVERSION = YES;
				CLANG_WARN_DEPRECATED_OBJC_IMPLEMENTATIONS = YES;
				CLANG_WARN_DIRECT_OBJC_ISA_USAGE = YES_ERROR;
				CLANG_WARN_DOCUMENTATION_COMMENTS = YES;
				CLANG_WARN_EMPTY_BODY = YES;
				CLANG_WARN_ENUM_CONVERSION = YES;
				CLANG_WARN_INFINITE_RECURSION = YES;
				CLANG_WARN_INT_CONVERSION = YES;
				CLANG_WARN_NON_LITERAL_NULL_CONVERSION = YES;
				CLANG_WARN_OBJC_IMPLICIT_RETAIN_SELF = YES;
				CLANG_WARN_OBJC_LITERAL_CONVERSION = YES;
				CLANG_WARN_OBJC_ROOT_CLASS = YES_ERROR;
				CLANG_WARN_QUOTED_INCLUDE_IN_FRAMEWORK_HEADER = YES;
				CLANG_WARN_RANGE_LOOP_ANALYSIS = YES;
				CLANG_WARN_STRICT_PROTOTYPES = YES;
				CLANG_WARN_SUSPICIOUS_MOVE = YES;
				CLANG_WARN_UNGUARDED_AVAILABILITY = YES_AGGRESSIVE;
				CLANG_WARN_UNREACHABLE_CODE = YES;
				CLANG_WARN__DUPLICATE_METHOD_MATCH = YES;
				COPY_PHASE_STRIP = NO;
				DEBUG_INFORMATION_FORMAT = "dwarf-with-dsym";
				ENABLE_NS_ASSERTIONS = NO;
				ENABLE_STRICT_OBJC_MSGSEND = YES;
				GCC_C_LANGUAGE_STANDARD = gnu11;
				GCC_NO_COMMON_BLOCKS = YES;
				GCC_WARN_64_TO_32_BIT_CONVERSION = YES;
				GCC_WARN_ABOUT_RETURN_TYPE = YES_ERROR;
				GCC_WARN_UNDECLARED_SELECTOR = YES;
				GCC_WARN_UNINITIALIZED_AUTOS = YES_AGGRESSIVE;
				GCC_WARN_UNUSED_FUNCTION = YES;
				GCC_WARN_UNUSED_VARIABLE = YES;
				IPHONEOS_DEPLOYMENT_TARGET = 14.3;
				MTL_ENABLE_DEBUG_INFO = NO;
				MTL_FAST_MATH = YES;
				SDKROOT = iphoneos;
				SWIFT_COMPILATION_MODE = wholemodule;
				SWIFT_OPTIMIZATION_LEVEL = "-O";
				VALIDATE_PRODUCT = YES;
			};
			name = Release;
		};
		D74B65BF25B6F9B100DB2EB9 /* Debug */ = {
			isa = XCBuildConfiguration;
			baseConfigurationReference = 5FD686224B35F5852723189B /* Pods-TestExample.debug.xcconfig */;
			buildSettings = {
				ASSETCATALOG_COMPILER_APPICON_NAME = AppIcon;
				ASSETCATALOG_COMPILER_GLOBAL_ACCENT_COLOR_NAME = AccentColor;
				CODE_SIGN_STYLE = Automatic;
				DEVELOPMENT_TEAM = AW7PB72PXH;
				INFOPLIST_FILE = TestExample/Application/Info.plist;
				LD_RUNPATH_SEARCH_PATHS = (
					"$(inherited)",
					"@executable_path/Frameworks",
				);
				PRODUCT_BUNDLE_IDENTIFIER = Unitbean.TestExample;
				PRODUCT_NAME = "$(TARGET_NAME)";
				SWIFT_VERSION = 5.0;
				TARGETED_DEVICE_FAMILY = "1,2";
			};
			name = Debug;
		};
		D74B65C025B6F9B100DB2EB9 /* Release */ = {
			isa = XCBuildConfiguration;
			baseConfigurationReference = B77AECB5653A853AD8D30F6D /* Pods-TestExample.release.xcconfig */;
			buildSettings = {
				ASSETCATALOG_COMPILER_APPICON_NAME = AppIcon;
				ASSETCATALOG_COMPILER_GLOBAL_ACCENT_COLOR_NAME = AccentColor;
				CODE_SIGN_STYLE = Automatic;
				DEVELOPMENT_TEAM = AW7PB72PXH;
				INFOPLIST_FILE = TestExample/Application/Info.plist;
				LD_RUNPATH_SEARCH_PATHS = (
					"$(inherited)",
					"@executable_path/Frameworks",
				);
				PRODUCT_BUNDLE_IDENTIFIER = Unitbean.TestExample;
				PRODUCT_NAME = "$(TARGET_NAME)";
				SWIFT_VERSION = 5.0;
				TARGETED_DEVICE_FAMILY = "1,2";
			};
			name = Release;
		};
/* End XCBuildConfiguration section */

/* Begin XCConfigurationList section */
		D74B65A525B6F9B000DB2EB9 /* Build configuration list for PBXProject "TestExample" */ = {
			isa = XCConfigurationList;
			buildConfigurations = (
				D74B65BC25B6F9B100DB2EB9 /* Debug */,
				D74B65BD25B6F9B100DB2EB9 /* Release */,
			);
			defaultConfigurationIsVisible = 0;
			defaultConfigurationName = Release;
		};
		D74B65BE25B6F9B100DB2EB9 /* Build configuration list for PBXNativeTarget "TestExample" */ = {
			isa = XCConfigurationList;
			buildConfigurations = (
				D74B65BF25B6F9B100DB2EB9 /* Debug */,
				D74B65C025B6F9B100DB2EB9 /* Release */,
			);
			defaultConfigurationIsVisible = 0;
			defaultConfigurationName = Release;
		};
/* End XCConfigurationList section */
	};
	rootObject = D74B65A225B6F9B000DB2EB9 /* Project object */;
}
