// !$*UTF8*$!
{
	archiveVersion = 1;
	classes = {
	};
	objectVersion = 51;
	objects = {

/* Begin PBXBuildFile section */
		1F8B50C9E32B8AD9D51B3D34 /* Pods_TestExample.framework in Frameworks */ = {isa = PBXBuildFile; fileRef = DEC79FC486D1C9451FC4E365 /* Pods_TestExample.framework */; };
		D72DA8A625B71F0F00C1D6F8 /* UIView.swift in Sources */ = {isa = PBXBuildFile; fileRef = D72DA8A525B71F0F00C1D6F8 /* UIView.swift */; };
		D72DA8B625B72D4F00C1D6F8 /* QuantityStepperView.swift in Sources */ = {isa = PBXBuildFile; fileRef = D72DA8B525B72D4F00C1D6F8 /* QuantityStepperView.swift */; };
		D72DA8B925B72D8100C1D6F8 /* QuantityStepperView.xib in Resources */ = {isa = PBXBuildFile; fileRef = D72DA8B825B72D8100C1D6F8 /* QuantityStepperView.xib */; };
		D74B65AE25B6F9B100DB2EB9 /* AppDelegate.swift in Sources */ = {isa = PBXBuildFile; fileRef = D74B65AD25B6F9B100DB2EB9 /* AppDelegate.swift */; };
		D74B65B725B6F9B100DB2EB9 /* Assets.xcassets in Resources */ = {isa = PBXBuildFile; fileRef = D74B65B625B6F9B100DB2EB9 /* Assets.xcassets */; };
		D74B65BA25B6F9B100DB2EB9 /* LaunchScreen.storyboard in Resources */ = {isa = PBXBuildFile; fileRef = D74B65B825B6F9B100DB2EB9 /* LaunchScreen.storyboard */; };
		D74B65D325B6FA2C00DB2EB9 /* Main.storyboard in Resources */ = {isa = PBXBuildFile; fileRef = D74B65CB25B6FA2C00DB2EB9 /* Main.storyboard */; };
		D74B65D425B6FA2C00DB2EB9 /* MainPresenter.swift in Sources */ = {isa = PBXBuildFile; fileRef = D74B65CC25B6FA2C00DB2EB9 /* MainPresenter.swift */; };
		D74B65D525B6FA2C00DB2EB9 /* MainWorker.swift in Sources */ = {isa = PBXBuildFile; fileRef = D74B65CD25B6FA2C00DB2EB9 /* MainWorker.swift */; };
		D74B65D625B6FA2C00DB2EB9 /* MainRouter.swift in Sources */ = {isa = PBXBuildFile; fileRef = D74B65CE25B6FA2C00DB2EB9 /* MainRouter.swift */; };
		D74B65D725B6FA2C00DB2EB9 /* MainModels.swift in Sources */ = {isa = PBXBuildFile; fileRef = D74B65CF25B6FA2C00DB2EB9 /* MainModels.swift */; };
		D74B65D825B6FA2C00DB2EB9 /* MainViewController.swift in Sources */ = {isa = PBXBuildFile; fileRef = D74B65D025B6FA2C00DB2EB9 /* MainViewController.swift */; };
		D74B65D925B6FA2C00DB2EB9 /* MainInteractor.swift in Sources */ = {isa = PBXBuildFile; fileRef = D74B65D125B6FA2C00DB2EB9 /* MainInteractor.swift */; };
		D74B65DA25B6FA2C00DB2EB9 /* MainConfigurator.swift in Sources */ = {isa = PBXBuildFile; fileRef = D74B65D225B6FA2C00DB2EB9 /* MainConfigurator.swift */; };
		D74B65E325B6FAEB00DB2EB9 /* Colors.xcassets in Resources */ = {isa = PBXBuildFile; fileRef = D74B65E225B6FAEB00DB2EB9 /* Colors.xcassets */; };
		D74B65FA25B6FD4B00DB2EB9 /* CustomLabel.swift in Sources */ = {isa = PBXBuildFile; fileRef = D74B65F925B6FD4B00DB2EB9 /* CustomLabel.swift */; };
		D75CB29725B844B8005FB28C /* GMStepper.swift in Sources */ = {isa = PBXBuildFile; fileRef = D75CB29625B844B8005FB28C /* GMStepper.swift */; };
		D75CB29A25B84B2C005FB28C /* CustomStepper.swift in Sources */ = {isa = PBXBuildFile; fileRef = D75CB29925B84B2C005FB28C /* CustomStepper.swift */; };
		D75CB2C225B861B0005FB28C /* ProdutBottomSheet.storyboard in Resources */ = {isa = PBXBuildFile; fileRef = D75CB2BA25B861B0005FB28C /* ProdutBottomSheet.storyboard */; };
		D75CB2C325B861B0005FB28C /* ProdutBottomSheetPresenter.swift in Sources */ = {isa = PBXBuildFile; fileRef = D75CB2BB25B861B0005FB28C /* ProdutBottomSheetPresenter.swift */; };
		D75CB2C425B861B0005FB28C /* ProdutBottomSheetWorker.swift in Sources */ = {isa = PBXBuildFile; fileRef = D75CB2BC25B861B0005FB28C /* ProdutBottomSheetWorker.swift */; };
		D75CB2C525B861B0005FB28C /* ProdutBottomSheetRouter.swift in Sources */ = {isa = PBXBuildFile; fileRef = D75CB2BD25B861B0005FB28C /* ProdutBottomSheetRouter.swift */; };
		D75CB2C725B861B0005FB28C /* ProdutBottomSheetViewController.swift in Sources */ = {isa = PBXBuildFile; fileRef = D75CB2BF25B861B0005FB28C /* ProdutBottomSheetViewController.swift */; };
		D75CB2C825B861B0005FB28C /* ProdutBottomSheetInteractor.swift in Sources */ = {isa = PBXBuildFile; fileRef = D75CB2C025B861B0005FB28C /* ProdutBottomSheetInteractor.swift */; };
		D75CB2C925B861B0005FB28C /* ProdutBottomSheetConfigurator.swift in Sources */ = {isa = PBXBuildFile; fileRef = D75CB2C125B861B0005FB28C /* ProdutBottomSheetConfigurator.swift */; };
		D75CB2D925B876EE005FB28C /* Card.storyboard in Resources */ = {isa = PBXBuildFile; fileRef = D75CB2D125B876EE005FB28C /* Card.storyboard */; };
		D75CB2DA25B876EE005FB28C /* CardPresenter.swift in Sources */ = {isa = PBXBuildFile; fileRef = D75CB2D225B876EE005FB28C /* CardPresenter.swift */; };
		D75CB2DB25B876EE005FB28C /* CardWorker.swift in Sources */ = {isa = PBXBuildFile; fileRef = D75CB2D325B876EE005FB28C /* CardWorker.swift */; };
		D75CB2DC25B876EE005FB28C /* CardRouter.swift in Sources */ = {isa = PBXBuildFile; fileRef = D75CB2D425B876EE005FB28C /* CardRouter.swift */; };
		D75CB2DE25B876EE005FB28C /* CardViewController.swift in Sources */ = {isa = PBXBuildFile; fileRef = D75CB2D625B876EE005FB28C /* CardViewController.swift */; };
		D75CB2DF25B876EE005FB28C /* CardInteractor.swift in Sources */ = {isa = PBXBuildFile; fileRef = D75CB2D725B876EE005FB28C /* CardInteractor.swift */; };
		D75CB2E025B876EE005FB28C /* CardConfigurator.swift in Sources */ = {isa = PBXBuildFile; fileRef = D75CB2D825B876EE005FB28C /* CardConfigurator.swift */; };
		D75CB2EC25B87822005FB28C /* TabBar.storyboard in Resources */ = {isa = PBXBuildFile; fileRef = D75CB2E425B87822005FB28C /* TabBar.storyboard */; };
		D75CB2ED25B87822005FB28C /* TabBarPresenter.swift in Sources */ = {isa = PBXBuildFile; fileRef = D75CB2E525B87822005FB28C /* TabBarPresenter.swift */; };
		D75CB2EE25B87822005FB28C /* TabBarWorker.swift in Sources */ = {isa = PBXBuildFile; fileRef = D75CB2E625B87822005FB28C /* TabBarWorker.swift */; };
		D75CB2EF25B87822005FB28C /* TabBarRouter.swift in Sources */ = {isa = PBXBuildFile; fileRef = D75CB2E725B87822005FB28C /* TabBarRouter.swift */; };
		D75CB2F125B87822005FB28C /* TabBarViewController.swift in Sources */ = {isa = PBXBuildFile; fileRef = D75CB2E925B87822005FB28C /* TabBarViewController.swift */; };
		D75CB2F225B87822005FB28C /* TabBarInteractor.swift in Sources */ = {isa = PBXBuildFile; fileRef = D75CB2EA25B87822005FB28C /* TabBarInteractor.swift */; };
		D75CB2F325B87822005FB28C /* TabBarConfigurator.swift in Sources */ = {isa = PBXBuildFile; fileRef = D75CB2EB25B87822005FB28C /* TabBarConfigurator.swift */; };
		D75CB2FB25B879F3005FB28C /* CardCell.swift in Sources */ = {isa = PBXBuildFile; fileRef = D75CB2F925B879F3005FB28C /* CardCell.swift */; };
		D75CB2FC25B879F3005FB28C /* CardCell.xib in Resources */ = {isa = PBXBuildFile; fileRef = D75CB2FA25B879F3005FB28C /* CardCell.xib */; };
		D75CB30225B87C8F005FB28C /* CardProductModel.swift in Sources */ = {isa = PBXBuildFile; fileRef = D75CB30125B87C8F005FB28C /* CardProductModel.swift */; };
		D75CB30525B94F3F005FB28C /* RealmService.swift in Sources */ = {isa = PBXBuildFile; fileRef = D75CB30425B94F3F005FB28C /* RealmService.swift */; };
		D75CB30925B94F88005FB28C /* CatalogRealmModel.swift in Sources */ = {isa = PBXBuildFile; fileRef = D75CB30825B94F88005FB28C /* CatalogRealmModel.swift */; };
		D76F239E25B703BE0061772C /* Catalog.storyboard in Resources */ = {isa = PBXBuildFile; fileRef = D76F239625B703BE0061772C /* Catalog.storyboard */; };
		D76F239F25B703BE0061772C /* CatalogPresenter.swift in Sources */ = {isa = PBXBuildFile; fileRef = D76F239725B703BE0061772C /* CatalogPresenter.swift */; };
		D76F23A025B703BE0061772C /* CatalogWorker.swift in Sources */ = {isa = PBXBuildFile; fileRef = D76F239825B703BE0061772C /* CatalogWorker.swift */; };
		D76F23A125B703BE0061772C /* CatalogRouter.swift in Sources */ = {isa = PBXBuildFile; fileRef = D76F239925B703BE0061772C /* CatalogRouter.swift */; };
		D76F23A325B703BE0061772C /* CatalogViewController.swift in Sources */ = {isa = PBXBuildFile; fileRef = D76F239B25B703BE0061772C /* CatalogViewController.swift */; };
		D76F23A425B703BE0061772C /* CatalogInteractor.swift in Sources */ = {isa = PBXBuildFile; fileRef = D76F239C25B703BE0061772C /* CatalogInteractor.swift */; };
		D76F23A525B703BE0061772C /* CatalogConfigurator.swift in Sources */ = {isa = PBXBuildFile; fileRef = D76F239D25B703BE0061772C /* CatalogConfigurator.swift */; };
		D76F23B025B7057C0061772C /* CatalogView.swift in Sources */ = {isa = PBXBuildFile; fileRef = D76F23AF25B7057C0061772C /* CatalogView.swift */; };
		D76F23B425B705870061772C /* CatalogView.xib in Resources */ = {isa = PBXBuildFile; fileRef = D76F23B325B705870061772C /* CatalogView.xib */; };
		D76F23B925B707760061772C /* CategoryCell.swift in Sources */ = {isa = PBXBuildFile; fileRef = D76F23B725B707760061772C /* CategoryCell.swift */; };
		D76F23BA25B707760061772C /* CategoryCell.xib in Resources */ = {isa = PBXBuildFile; fileRef = D76F23B825B707760061772C /* CategoryCell.xib */; };
		D76F23BD25B708910061772C /* TextRegularLabel.swift in Sources */ = {isa = PBXBuildFile; fileRef = D76F23BC25B708910061772C /* TextRegularLabel.swift */; };
		D76F23C625B70B080061772C /* R.generated.swift in Sources */ = {isa = PBXBuildFile; fileRef = D76F23C525B70B080061772C /* R.generated.swift */; };
		D76F23C925B70B6E0061772C /* Montserrat-SemiBold.ttf in Resources */ = {isa = PBXBuildFile; fileRef = D76F23C825B70B6E0061772C /* Montserrat-SemiBold.ttf */; };
		D76F23CF25B70B7A0061772C /* Montserrat-Medium.ttf in Resources */ = {isa = PBXBuildFile; fileRef = D76F23CB25B70B7A0061772C /* Montserrat-Medium.ttf */; };
		D76F23D025B70B7A0061772C /* Montserrat-Light.ttf in Resources */ = {isa = PBXBuildFile; fileRef = D76F23CC25B70B7A0061772C /* Montserrat-Light.ttf */; };
		D76F23D125B70B7A0061772C /* Montserrat-Bold.ttf in Resources */ = {isa = PBXBuildFile; fileRef = D76F23CD25B70B7A0061772C /* Montserrat-Bold.ttf */; };
		D76F23D225B70B7A0061772C /* Montserrat-Regular.ttf in Resources */ = {isa = PBXBuildFile; fileRef = D76F23CE25B70B7A0061772C /* Montserrat-Regular.ttf */; };
		D76F23DA25B715260061772C /* ProductCell.swift in Sources */ = {isa = PBXBuildFile; fileRef = D76F23D825B715260061772C /* ProductCell.swift */; };
		D76F23DB25B715260061772C /* ProductCell.xib in Resources */ = {isa = PBXBuildFile; fileRef = D76F23D925B715260061772C /* ProductCell.xib */; };
		D78DA9AE25B7310700EAF6BE /* StepperButton.swift in Sources */ = {isa = PBXBuildFile; fileRef = D78DA9AD25B7310700EAF6BE /* StepperButton.swift */; };
		D78DA9B225B739B100EAF6BE /* TitleBoldLabel.swift in Sources */ = {isa = PBXBuildFile; fileRef = D78DA9B125B739B100EAF6BE /* TitleBoldLabel.swift */; };
		D78DA9B625B73A8500EAF6BE /* TextGrayRegularLabel.swift in Sources */ = {isa = PBXBuildFile; fileRef = D78DA9B525B73A8500EAF6BE /* TextGrayRegularLabel.swift */; };
		D78DA9B925B73B8700EAF6BE /* TextBoldLabel.swift in Sources */ = {isa = PBXBuildFile; fileRef = D78DA9B825B73B8700EAF6BE /* TextBoldLabel.swift */; };
		D78DA9BF25B73D4300EAF6BE /* AddButton.swift in Sources */ = {isa = PBXBuildFile; fileRef = D78DA9BE25B73D4300EAF6BE /* AddButton.swift */; };
		D78DA9C225B73D9B00EAF6BE /* CompanyBrandButton.swift in Sources */ = {isa = PBXBuildFile; fileRef = D78DA9C125B73D9B00EAF6BE /* CompanyBrandButton.swift */; };
		D78DA9C725B7403F00EAF6BE /* CatalogViewModel.swift in Sources */ = {isa = PBXBuildFile; fileRef = D78DA9C625B7403F00EAF6BE /* CatalogViewModel.swift */; };
		D78DA9CB25B7496F00EAF6BE /* CatalogPresenterResponse.swift in Sources */ = {isa = PBXBuildFile; fileRef = D78DA9CA25B7496F00EAF6BE /* CatalogPresenterResponse.swift */; };
/* End PBXBuildFile section */

/* Begin PBXFileReference section */
		5FD686224B35F5852723189B /* Pods-TestExample.debug.xcconfig */ = {isa = PBXFileReference; includeInIndex = 1; lastKnownFileType = text.xcconfig; name = "Pods-TestExample.debug.xcconfig"; path = "Target Support Files/Pods-TestExample/Pods-TestExample.debug.xcconfig"; sourceTree = "<group>"; };
		B77AECB5653A853AD8D30F6D /* Pods-TestExample.release.xcconfig */ = {isa = PBXFileReference; includeInIndex = 1; lastKnownFileType = text.xcconfig; name = "Pods-TestExample.release.xcconfig"; path = "Target Support Files/Pods-TestExample/Pods-TestExample.release.xcconfig"; sourceTree = "<group>"; };
		D72DA8A525B71F0F00C1D6F8 /* UIView.swift */ = {isa = PBXFileReference; lastKnownFileType = sourcecode.swift; path = UIView.swift; sourceTree = "<group>"; };
		D72DA8B525B72D4F00C1D6F8 /* QuantityStepperView.swift */ = {isa = PBXFileReference; lastKnownFileType = sourcecode.swift; path = QuantityStepperView.swift; sourceTree = "<group>"; };
		D72DA8B825B72D8100C1D6F8 /* QuantityStepperView.xib */ = {isa = PBXFileReference; lastKnownFileType = file.xib; path = QuantityStepperView.xib; sourceTree = "<group>"; };
		D74B65AA25B6F9B000DB2EB9 /* TestExample.app */ = {isa = PBXFileReference; explicitFileType = wrapper.application; includeInIndex = 0; path = TestExample.app; sourceTree = BUILT_PRODUCTS_DIR; };
		D74B65AD25B6F9B100DB2EB9 /* AppDelegate.swift */ = {isa = PBXFileReference; lastKnownFileType = sourcecode.swift; path = AppDelegate.swift; sourceTree = "<group>"; };
		D74B65B625B6F9B100DB2EB9 /* Assets.xcassets */ = {isa = PBXFileReference; lastKnownFileType = folder.assetcatalog; path = Assets.xcassets; sourceTree = "<group>"; };
		D74B65B925B6F9B100DB2EB9 /* Base */ = {isa = PBXFileReference; lastKnownFileType = file.storyboard; name = Base; path = Base.lproj/LaunchScreen.storyboard; sourceTree = "<group>"; };
		D74B65BB25B6F9B100DB2EB9 /* Info.plist */ = {isa = PBXFileReference; lastKnownFileType = text.plist.xml; path = Info.plist; sourceTree = "<group>"; };
		D74B65CB25B6FA2C00DB2EB9 /* Main.storyboard */ = {isa = PBXFileReference; lastKnownFileType = file.storyboard; path = Main.storyboard; sourceTree = "<group>"; };
		D74B65CC25B6FA2C00DB2EB9 /* MainPresenter.swift */ = {isa = PBXFileReference; lastKnownFileType = sourcecode.swift; path = MainPresenter.swift; sourceTree = "<group>"; };
		D74B65CD25B6FA2C00DB2EB9 /* MainWorker.swift */ = {isa = PBXFileReference; lastKnownFileType = sourcecode.swift; path = MainWorker.swift; sourceTree = "<group>"; };
		D74B65CE25B6FA2C00DB2EB9 /* MainRouter.swift */ = {isa = PBXFileReference; lastKnownFileType = sourcecode.swift; path = MainRouter.swift; sourceTree = "<group>"; };
		D74B65CF25B6FA2C00DB2EB9 /* MainModels.swift */ = {isa = PBXFileReference; lastKnownFileType = sourcecode.swift; path = MainModels.swift; sourceTree = "<group>"; };
		D74B65D025B6FA2C00DB2EB9 /* MainViewController.swift */ = {isa = PBXFileReference; lastKnownFileType = sourcecode.swift; path = MainViewController.swift; sourceTree = "<group>"; };
		D74B65D125B6FA2C00DB2EB9 /* MainInteractor.swift */ = {isa = PBXFileReference; lastKnownFileType = sourcecode.swift; path = MainInteractor.swift; sourceTree = "<group>"; };
		D74B65D225B6FA2C00DB2EB9 /* MainConfigurator.swift */ = {isa = PBXFileReference; lastKnownFileType = sourcecode.swift; path = MainConfigurator.swift; sourceTree = "<group>"; };
		D74B65E225B6FAEB00DB2EB9 /* Colors.xcassets */ = {isa = PBXFileReference; lastKnownFileType = folder.assetcatalog; path = Colors.xcassets; sourceTree = "<group>"; };
		D74B65F925B6FD4B00DB2EB9 /* CustomLabel.swift */ = {isa = PBXFileReference; lastKnownFileType = sourcecode.swift; path = CustomLabel.swift; sourceTree = "<group>"; };
		D75CB29625B844B8005FB28C /* GMStepper.swift */ = {isa = PBXFileReference; lastKnownFileType = sourcecode.swift; path = GMStepper.swift; sourceTree = "<group>"; };
		D75CB29925B84B2C005FB28C /* CustomStepper.swift */ = {isa = PBXFileReference; lastKnownFileType = sourcecode.swift; path = CustomStepper.swift; sourceTree = "<group>"; };
		D75CB2BA25B861B0005FB28C /* ProdutBottomSheet.storyboard */ = {isa = PBXFileReference; lastKnownFileType = file.storyboard; path = ProdutBottomSheet.storyboard; sourceTree = "<group>"; };
		D75CB2BB25B861B0005FB28C /* ProdutBottomSheetPresenter.swift */ = {isa = PBXFileReference; lastKnownFileType = sourcecode.swift; path = ProdutBottomSheetPresenter.swift; sourceTree = "<group>"; };
		D75CB2BC25B861B0005FB28C /* ProdutBottomSheetWorker.swift */ = {isa = PBXFileReference; lastKnownFileType = sourcecode.swift; path = ProdutBottomSheetWorker.swift; sourceTree = "<group>"; };
		D75CB2BD25B861B0005FB28C /* ProdutBottomSheetRouter.swift */ = {isa = PBXFileReference; lastKnownFileType = sourcecode.swift; path = ProdutBottomSheetRouter.swift; sourceTree = "<group>"; };
		D75CB2BF25B861B0005FB28C /* ProdutBottomSheetViewController.swift */ = {isa = PBXFileReference; lastKnownFileType = sourcecode.swift; path = ProdutBottomSheetViewController.swift; sourceTree = "<group>"; };
		D75CB2C025B861B0005FB28C /* ProdutBottomSheetInteractor.swift */ = {isa = PBXFileReference; lastKnownFileType = sourcecode.swift; path = ProdutBottomSheetInteractor.swift; sourceTree = "<group>"; };
		D75CB2C125B861B0005FB28C /* ProdutBottomSheetConfigurator.swift */ = {isa = PBXFileReference; lastKnownFileType = sourcecode.swift; path = ProdutBottomSheetConfigurator.swift; sourceTree = "<group>"; };
		D75CB2D125B876EE005FB28C /* Card.storyboard */ = {isa = PBXFileReference; lastKnownFileType = file.storyboard; path = Card.storyboard; sourceTree = "<group>"; };
		D75CB2D225B876EE005FB28C /* CardPresenter.swift */ = {isa = PBXFileReference; lastKnownFileType = sourcecode.swift; path = CardPresenter.swift; sourceTree = "<group>"; };
		D75CB2D325B876EE005FB28C /* CardWorker.swift */ = {isa = PBXFileReference; lastKnownFileType = sourcecode.swift; path = CardWorker.swift; sourceTree = "<group>"; };
		D75CB2D425B876EE005FB28C /* CardRouter.swift */ = {isa = PBXFileReference; lastKnownFileType = sourcecode.swift; path = CardRouter.swift; sourceTree = "<group>"; };
		D75CB2D625B876EE005FB28C /* CardViewController.swift */ = {isa = PBXFileReference; lastKnownFileType = sourcecode.swift; path = CardViewController.swift; sourceTree = "<group>"; };
		D75CB2D725B876EE005FB28C /* CardInteractor.swift */ = {isa = PBXFileReference; lastKnownFileType = sourcecode.swift; path = CardInteractor.swift; sourceTree = "<group>"; };
		D75CB2D825B876EE005FB28C /* CardConfigurator.swift */ = {isa = PBXFileReference; lastKnownFileType = sourcecode.swift; path = CardConfigurator.swift; sourceTree = "<group>"; };
		D75CB2E425B87822005FB28C /* TabBar.storyboard */ = {isa = PBXFileReference; lastKnownFileType = file.storyboard; path = TabBar.storyboard; sourceTree = "<group>"; };
		D75CB2E525B87822005FB28C /* TabBarPresenter.swift */ = {isa = PBXFileReference; lastKnownFileType = sourcecode.swift; path = TabBarPresenter.swift; sourceTree = "<group>"; };
		D75CB2E625B87822005FB28C /* TabBarWorker.swift */ = {isa = PBXFileReference; lastKnownFileType = sourcecode.swift; path = TabBarWorker.swift; sourceTree = "<group>"; };
		D75CB2E725B87822005FB28C /* TabBarRouter.swift */ = {isa = PBXFileReference; lastKnownFileType = sourcecode.swift; path = TabBarRouter.swift; sourceTree = "<group>"; };
		D75CB2E925B87822005FB28C /* TabBarViewController.swift */ = {isa = PBXFileReference; lastKnownFileType = sourcecode.swift; path = TabBarViewController.swift; sourceTree = "<group>"; };
		D75CB2EA25B87822005FB28C /* TabBarInteractor.swift */ = {isa = PBXFileReference; lastKnownFileType = sourcecode.swift; path = TabBarInteractor.swift; sourceTree = "<group>"; };
		D75CB2EB25B87822005FB28C /* TabBarConfigurator.swift */ = {isa = PBXFileReference; lastKnownFileType = sourcecode.swift; path = TabBarConfigurator.swift; sourceTree = "<group>"; };
		D75CB2F925B879F3005FB28C /* CardCell.swift */ = {isa = PBXFileReference; lastKnownFileType = sourcecode.swift; path = CardCell.swift; sourceTree = "<group>"; };
		D75CB2FA25B879F3005FB28C /* CardCell.xib */ = {isa = PBXFileReference; lastKnownFileType = file.xib; path = CardCell.xib; sourceTree = "<group>"; };
		D75CB30125B87C8F005FB28C /* CardProductModel.swift */ = {isa = PBXFileReference; lastKnownFileType = sourcecode.swift; path = CardProductModel.swift; sourceTree = "<group>"; };
		D75CB30425B94F3F005FB28C /* RealmService.swift */ = {isa = PBXFileReference; lastKnownFileType = sourcecode.swift; path = RealmService.swift; sourceTree = "<group>"; };
		D75CB30825B94F88005FB28C /* CatalogRealmModel.swift */ = {isa = PBXFileReference; lastKnownFileType = sourcecode.swift; path = CatalogRealmModel.swift; sourceTree = "<group>"; };
		D76F239625B703BE0061772C /* Catalog.storyboard */ = {isa = PBXFileReference; lastKnownFileType = file.storyboard; path = Catalog.storyboard; sourceTree = "<group>"; };
		D76F239725B703BE0061772C /* CatalogPresenter.swift */ = {isa = PBXFileReference; lastKnownFileType = sourcecode.swift; path = CatalogPresenter.swift; sourceTree = "<group>"; };
		D76F239825B703BE0061772C /* CatalogWorker.swift */ = {isa = PBXFileReference; lastKnownFileType = sourcecode.swift; path = CatalogWorker.swift; sourceTree = "<group>"; };
		D76F239925B703BE0061772C /* CatalogRouter.swift */ = {isa = PBXFileReference; lastKnownFileType = sourcecode.swift; path = CatalogRouter.swift; sourceTree = "<group>"; };
		D76F239B25B703BE0061772C /* CatalogViewController.swift */ = {isa = PBXFileReference; lastKnownFileType = sourcecode.swift; path = CatalogViewController.swift; sourceTree = "<group>"; };
		D76F239C25B703BE0061772C /* CatalogInteractor.swift */ = {isa = PBXFileReference; lastKnownFileType = sourcecode.swift; path = CatalogInteractor.swift; sourceTree = "<group>"; };
		D76F239D25B703BE0061772C /* CatalogConfigurator.swift */ = {isa = PBXFileReference; lastKnownFileType = sourcecode.swift; path = CatalogConfigurator.swift; sourceTree = "<group>"; };
		D76F23AF25B7057C0061772C /* CatalogView.swift */ = {isa = PBXFileReference; lastKnownFileType = sourcecode.swift; path = CatalogView.swift; sourceTree = "<group>"; };
		D76F23B325B705870061772C /* CatalogView.xib */ = {isa = PBXFileReference; lastKnownFileType = file.xib; path = CatalogView.xib; sourceTree = "<group>"; };
		D76F23B725B707760061772C /* CategoryCell.swift */ = {isa = PBXFileReference; lastKnownFileType = sourcecode.swift; path = CategoryCell.swift; sourceTree = "<group>"; };
		D76F23B825B707760061772C /* CategoryCell.xib */ = {isa = PBXFileReference; lastKnownFileType = file.xib; path = CategoryCell.xib; sourceTree = "<group>"; };
		D76F23BC25B708910061772C /* TextRegularLabel.swift */ = {isa = PBXFileReference; lastKnownFileType = sourcecode.swift; path = TextRegularLabel.swift; sourceTree = "<group>"; };
		D76F23C525B70B080061772C /* R.generated.swift */ = {isa = PBXFileReference; fileEncoding = 4; lastKnownFileType = sourcecode.swift; path = R.generated.swift; sourceTree = "<group>"; };
		D76F23C825B70B6E0061772C /* Montserrat-SemiBold.ttf */ = {isa = PBXFileReference; lastKnownFileType = file; path = "Montserrat-SemiBold.ttf"; sourceTree = "<group>"; };
		D76F23CB25B70B7A0061772C /* Montserrat-Medium.ttf */ = {isa = PBXFileReference; lastKnownFileType = file; path = "Montserrat-Medium.ttf"; sourceTree = "<group>"; };
		D76F23CC25B70B7A0061772C /* Montserrat-Light.ttf */ = {isa = PBXFileReference; lastKnownFileType = file; path = "Montserrat-Light.ttf"; sourceTree = "<group>"; };
		D76F23CD25B70B7A0061772C /* Montserrat-Bold.ttf */ = {isa = PBXFileReference; lastKnownFileType = file; path = "Montserrat-Bold.ttf"; sourceTree = "<group>"; };
		D76F23CE25B70B7A0061772C /* Montserrat-Regular.ttf */ = {isa = PBXFileReference; lastKnownFileType = file; path = "Montserrat-Regular.ttf"; sourceTree = "<group>"; };
		D76F23D825B715260061772C /* ProductCell.swift */ = {isa = PBXFileReference; lastKnownFileType = sourcecode.swift; path = ProductCell.swift; sourceTree = "<group>"; };
		D76F23D925B715260061772C /* ProductCell.xib */ = {isa = PBXFileReference; lastKnownFileType = file.xib; path = ProductCell.xib; sourceTree = "<group>"; };
		D78DA9AD25B7310700EAF6BE /* StepperButton.swift */ = {isa = PBXFileReference; lastKnownFileType = sourcecode.swift; path = StepperButton.swift; sourceTree = "<group>"; };
		D78DA9B125B739B100EAF6BE /* TitleBoldLabel.swift */ = {isa = PBXFileReference; lastKnownFileType = sourcecode.swift; path = TitleBoldLabel.swift; sourceTree = "<group>"; };
		D78DA9B525B73A8500EAF6BE /* TextGrayRegularLabel.swift */ = {isa = PBXFileReference; lastKnownFileType = sourcecode.swift; path = TextGrayRegularLabel.swift; sourceTree = "<group>"; };
		D78DA9B825B73B8700EAF6BE /* TextBoldLabel.swift */ = {isa = PBXFileReference; lastKnownFileType = sourcecode.swift; path = TextBoldLabel.swift; sourceTree = "<group>"; };
		D78DA9BE25B73D4300EAF6BE /* AddButton.swift */ = {isa = PBXFileReference; lastKnownFileType = sourcecode.swift; path = AddButton.swift; sourceTree = "<group>"; };
		D78DA9C125B73D9B00EAF6BE /* CompanyBrandButton.swift */ = {isa = PBXFileReference; lastKnownFileType = sourcecode.swift; path = CompanyBrandButton.swift; sourceTree = "<group>"; };
		D78DA9C625B7403F00EAF6BE /* CatalogViewModel.swift */ = {isa = PBXFileReference; lastKnownFileType = sourcecode.swift; path = CatalogViewModel.swift; sourceTree = "<group>"; };
		D78DA9CA25B7496F00EAF6BE /* CatalogPresenterResponse.swift */ = {isa = PBXFileReference; lastKnownFileType = sourcecode.swift; path = CatalogPresenterResponse.swift; sourceTree = "<group>"; };
		DEC79FC486D1C9451FC4E365 /* Pods_TestExample.framework */ = {isa = PBXFileReference; explicitFileType = wrapper.framework; includeInIndex = 0; path = Pods_TestExample.framework; sourceTree = BUILT_PRODUCTS_DIR; };
/* End PBXFileReference section */

/* Begin PBXFrameworksBuildPhase section */
		D74B65A725B6F9B000DB2EB9 /* Frameworks */ = {
			isa = PBXFrameworksBuildPhase;
			buildActionMask = 2147483647;
			files = (
				1F8B50C9E32B8AD9D51B3D34 /* Pods_TestExample.framework in Frameworks */,
			);
			runOnlyForDeploymentPostprocessing = 0;
		};
/* End PBXFrameworksBuildPhase section */

/* Begin PBXGroup section */
		D72DA8BC25B72DB600C1D6F8 /* QuantityStepperView */ = {
			isa = PBXGroup;
			children = (
				D72DA8B825B72D8100C1D6F8 /* QuantityStepperView.xib */,
				D72DA8B525B72D4F00C1D6F8 /* QuantityStepperView.swift */,
			);
			path = QuantityStepperView;
			sourceTree = "<group>";
		};
		D74B65A125B6F9B000DB2EB9 = {
			isa = PBXGroup;
			children = (
				D76F23C525B70B080061772C /* R.generated.swift */,
				D74B65AC25B6F9B000DB2EB9 /* TestExample */,
				D74B65AB25B6F9B000DB2EB9 /* Products */,
				DD9DB48AFD924BCD72A8760E /* Pods */,
				FCF5DCCB632EB4B53FDC7BC7 /* Frameworks */,
			);
			sourceTree = "<group>";
		};
		D74B65AB25B6F9B000DB2EB9 /* Products */ = {
			isa = PBXGroup;
			children = (
				D74B65AA25B6F9B000DB2EB9 /* TestExample.app */,
			);
			name = Products;
			sourceTree = "<group>";
		};
		D74B65AC25B6F9B000DB2EB9 /* TestExample */ = {
			isa = PBXGroup;
			children = (
				D74B65C225B6F9B800DB2EB9 /* Application */,
				D74B65C825B6FA1500DB2EB9 /* Core */,
				D74B65C925B6FA1B00DB2EB9 /* Modules */,
			);
			path = TestExample;
			sourceTree = "<group>";
		};
		D74B65C225B6F9B800DB2EB9 /* Application */ = {
			isa = PBXGroup;
			children = (
				D74B65C425B6F9C700DB2EB9 /* Resourses */,
				D74B65AD25B6F9B100DB2EB9 /* AppDelegate.swift */,
				D74B65B825B6F9B100DB2EB9 /* LaunchScreen.storyboard */,
				D74B65BB25B6F9B100DB2EB9 /* Info.plist */,
			);
			path = Application;
			sourceTree = "<group>";
		};
		D74B65C425B6F9C700DB2EB9 /* Resourses */ = {
			isa = PBXGroup;
			children = (
				D74B65E525B6FAF600DB2EB9 /* Fonts */,
				D74B65B625B6F9B100DB2EB9 /* Assets.xcassets */,
				D74B65E225B6FAEB00DB2EB9 /* Colors.xcassets */,
			);
			path = Resourses;
			sourceTree = "<group>";
		};
		D74B65C825B6FA1500DB2EB9 /* Core */ = {
			isa = PBXGroup;
			children = (
				D74B65DD25B6FA7F00DB2EB9 /* Common */,
				D74B65DF25B6FA8F00DB2EB9 /* Database */,
				D74B65E025B6FA9A00DB2EB9 /* Network */,
				D74B65DE25B6FA8600DB2EB9 /* UserDefaults */,
			);
			path = Core;
			sourceTree = "<group>";
		};
		D74B65C925B6FA1B00DB2EB9 /* Modules */ = {
			isa = PBXGroup;
			children = (
				D75CB2F525B87827005FB28C /* TabBar */,
				D74B65CA25B6FA2000DB2EB9 /* Main */,
				D76F23A725B703C20061772C /* Catalog */,
				D75CB2CB25B861B4005FB28C /* ProdutBottomSheet */,
				D75CB2D025B876D8005FB28C /* Card */,
			);
			path = Modules;
			sourceTree = "<group>";
		};
		D74B65CA25B6FA2000DB2EB9 /* Main */ = {
			isa = PBXGroup;
			children = (
				D74B65CB25B6FA2C00DB2EB9 /* Main.storyboard */,
				D74B65D025B6FA2C00DB2EB9 /* MainViewController.swift */,
				D74B65D125B6FA2C00DB2EB9 /* MainInteractor.swift */,
				D74B65CC25B6FA2C00DB2EB9 /* MainPresenter.swift */,
				D74B65CD25B6FA2C00DB2EB9 /* MainWorker.swift */,
				D74B65CE25B6FA2C00DB2EB9 /* MainRouter.swift */,
				D74B65CF25B6FA2C00DB2EB9 /* MainModels.swift */,
				D74B65D225B6FA2C00DB2EB9 /* MainConfigurator.swift */,
			);
			path = Main;
			sourceTree = "<group>";
		};
		D74B65DD25B6FA7F00DB2EB9 /* Common */ = {
			isa = PBXGroup;
			children = (
				D74B65F225B6FCFD00DB2EB9 /* Classes */,
				D74B65F425B6FD1000DB2EB9 /* DataStore */,
				D74B65F325B6FD0700DB2EB9 /* Extension */,
			);
			path = Common;
			sourceTree = "<group>";
		};
		D74B65DE25B6FA8600DB2EB9 /* UserDefaults */ = {
			isa = PBXGroup;
			children = (
			);
			path = UserDefaults;
			sourceTree = "<group>";
		};
		D74B65DF25B6FA8F00DB2EB9 /* Database */ = {
			isa = PBXGroup;
			children = (
				D75CB30725B94F6B005FB28C /* Models */,
				D75CB30425B94F3F005FB28C /* RealmService.swift */,
			);
			path = Database;
			sourceTree = "<group>";
		};
		D74B65E025B6FA9A00DB2EB9 /* Network */ = {
			isa = PBXGroup;
			children = (
			);
			path = Network;
			sourceTree = "<group>";
		};
		D74B65E525B6FAF600DB2EB9 /* Fonts */ = {
			isa = PBXGroup;
			children = (
				D74B65F025B6FBEA00DB2EB9 /* Montserrat */,
			);
			path = Fonts;
			sourceTree = "<group>";
		};
		D74B65F025B6FBEA00DB2EB9 /* Montserrat */ = {
			isa = PBXGroup;
			children = (
				D76F23CD25B70B7A0061772C /* Montserrat-Bold.ttf */,
				D76F23CC25B70B7A0061772C /* Montserrat-Light.ttf */,
				D76F23CB25B70B7A0061772C /* Montserrat-Medium.ttf */,
				D76F23CE25B70B7A0061772C /* Montserrat-Regular.ttf */,
				D76F23C825B70B6E0061772C /* Montserrat-SemiBold.ttf */,
			);
			path = Montserrat;
			sourceTree = "<group>";
		};
		D74B65F225B6FCFD00DB2EB9 /* Classes */ = {
			isa = PBXGroup;
			children = (
				D78DA9BB25B73D2600EAF6BE /* Label */,
				D78DA9BC25B73D3500EAF6BE /* Button */,
				D75CB29625B844B8005FB28C /* GMStepper.swift */,
			);
			path = Classes;
			sourceTree = "<group>";
		};
		D74B65F325B6FD0700DB2EB9 /* Extension */ = {
			isa = PBXGroup;
			children = (
				D72DA8A525B71F0F00C1D6F8 /* UIView.swift */,
			);
			path = Extension;
			sourceTree = "<group>";
		};
		D74B65F425B6FD1000DB2EB9 /* DataStore */ = {
			isa = PBXGroup;
			children = (
			);
			path = DataStore;
			sourceTree = "<group>";
		};
		D75CB2CB25B861B4005FB28C /* ProdutBottomSheet */ = {
			isa = PBXGroup;
			children = (
				D75CB2BA25B861B0005FB28C /* ProdutBottomSheet.storyboard */,
				D75CB2BF25B861B0005FB28C /* ProdutBottomSheetViewController.swift */,
				D75CB2C025B861B0005FB28C /* ProdutBottomSheetInteractor.swift */,
				D75CB2BB25B861B0005FB28C /* ProdutBottomSheetPresenter.swift */,
				D75CB2BC25B861B0005FB28C /* ProdutBottomSheetWorker.swift */,
				D75CB2BD25B861B0005FB28C /* ProdutBottomSheetRouter.swift */,
				D75CB2C125B861B0005FB28C /* ProdutBottomSheetConfigurator.swift */,
			);
			path = ProdutBottomSheet;
			sourceTree = "<group>";
		};
		D75CB2D025B876D8005FB28C /* Card */ = {
			isa = PBXGroup;
			children = (
				D75CB30025B87C78005FB28C /* Models */,
				D75CB2F825B879D3005FB28C /* CardCell */,
				D75CB2D125B876EE005FB28C /* Card.storyboard */,
				D75CB2D625B876EE005FB28C /* CardViewController.swift */,
				D75CB2D725B876EE005FB28C /* CardInteractor.swift */,
				D75CB2D225B876EE005FB28C /* CardPresenter.swift */,
				D75CB2D325B876EE005FB28C /* CardWorker.swift */,
				D75CB2D425B876EE005FB28C /* CardRouter.swift */,
				D75CB2D825B876EE005FB28C /* CardConfigurator.swift */,
			);
			path = Card;
			sourceTree = "<group>";
		};
		D75CB2F525B87827005FB28C /* TabBar */ = {
			isa = PBXGroup;
			children = (
				D75CB2E425B87822005FB28C /* TabBar.storyboard */,
				D75CB2E925B87822005FB28C /* TabBarViewController.swift */,
				D75CB2EA25B87822005FB28C /* TabBarInteractor.swift */,
				D75CB2E525B87822005FB28C /* TabBarPresenter.swift */,
				D75CB2E625B87822005FB28C /* TabBarWorker.swift */,
				D75CB2E725B87822005FB28C /* TabBarRouter.swift */,
				D75CB2EB25B87822005FB28C /* TabBarConfigurator.swift */,
			);
			path = TabBar;
			sourceTree = "<group>";
		};
		D75CB2F825B879D3005FB28C /* CardCell */ = {
			isa = PBXGroup;
			children = (
				D75CB2F925B879F3005FB28C /* CardCell.swift */,
				D75CB2FA25B879F3005FB28C /* CardCell.xib */,
			);
			path = CardCell;
			sourceTree = "<group>";
		};
		D75CB30025B87C78005FB28C /* Models */ = {
			isa = PBXGroup;
			children = (
				D75CB30125B87C8F005FB28C /* CardProductModel.swift */,
			);
			path = Models;
			sourceTree = "<group>";
		};
		D75CB30725B94F6B005FB28C /* Models */ = {
			isa = PBXGroup;
			children = (
				D75CB30825B94F88005FB28C /* CatalogRealmModel.swift */,
			);
			path = Models;
			sourceTree = "<group>";
		};
		D76F23A725B703C20061772C /* Catalog */ = {
			isa = PBXGroup;
			children = (
				D76F23AD25B705610061772C /* Models */,
				D76F23AC25B705590061772C /* Views */,
				D76F239625B703BE0061772C /* Catalog.storyboard */,
				D76F239B25B703BE0061772C /* CatalogViewController.swift */,
				D76F239C25B703BE0061772C /* CatalogInteractor.swift */,
				D76F239725B703BE0061772C /* CatalogPresenter.swift */,
				D76F239825B703BE0061772C /* CatalogWorker.swift */,
				D76F239925B703BE0061772C /* CatalogRouter.swift */,
				D76F239D25B703BE0061772C /* CatalogConfigurator.swift */,
			);
			path = Catalog;
			sourceTree = "<group>";
		};
		D76F23AC25B705590061772C /* Views */ = {
			isa = PBXGroup;
			children = (
				D76F23AE25B705680061772C /* CatalogView */,
				D76F23D525B710B50061772C /* CategoryCell */,
				D76F23DD25B7152A0061772C /* ProductCell */,
				D72DA8BC25B72DB600C1D6F8 /* QuantityStepperView */,
			);
			path = Views;
			sourceTree = "<group>";
		};
		D76F23AD25B705610061772C /* Models */ = {
			isa = PBXGroup;
			children = (
				D78DA9C625B7403F00EAF6BE /* CatalogViewModel.swift */,
				D78DA9CA25B7496F00EAF6BE /* CatalogPresenterResponse.swift */,
			);
			path = Models;
			sourceTree = "<group>";
		};
		D76F23AE25B705680061772C /* CatalogView */ = {
			isa = PBXGroup;
			children = (
				D76F23B325B705870061772C /* CatalogView.xib */,
				D76F23AF25B7057C0061772C /* CatalogView.swift */,
			);
			path = CatalogView;
			sourceTree = "<group>";
		};
		D76F23D525B710B50061772C /* CategoryCell */ = {
			isa = PBXGroup;
			children = (
				D76F23B825B707760061772C /* CategoryCell.xib */,
				D76F23B725B707760061772C /* CategoryCell.swift */,
			);
			path = CategoryCell;
			sourceTree = "<group>";
		};
		D76F23DD25B7152A0061772C /* ProductCell */ = {
			isa = PBXGroup;
			children = (
				D76F23D925B715260061772C /* ProductCell.xib */,
				D76F23D825B715260061772C /* ProductCell.swift */,
			);
			path = ProductCell;
			sourceTree = "<group>";
		};
		D78DA9BB25B73D2600EAF6BE /* Label */ = {
			isa = PBXGroup;
			children = (
				D74B65F925B6FD4B00DB2EB9 /* CustomLabel.swift */,
				D76F23BC25B708910061772C /* TextRegularLabel.swift */,
				D78DA9B825B73B8700EAF6BE /* TextBoldLabel.swift */,
				D78DA9B525B73A8500EAF6BE /* TextGrayRegularLabel.swift */,
				D78DA9B125B739B100EAF6BE /* TitleBoldLabel.swift */,
			);
			path = Label;
			sourceTree = "<group>";
		};
		D78DA9BC25B73D3500EAF6BE /* Button */ = {
			isa = PBXGroup;
			children = (
				D78DA9BE25B73D4300EAF6BE /* AddButton.swift */,
				D78DA9C125B73D9B00EAF6BE /* CompanyBrandButton.swift */,
				D78DA9AD25B7310700EAF6BE /* StepperButton.swift */,
				D75CB29925B84B2C005FB28C /* CustomStepper.swift */,
			);
			path = Button;
			sourceTree = "<group>";
		};
		DD9DB48AFD924BCD72A8760E /* Pods */ = {
			isa = PBXGroup;
			children = (
				5FD686224B35F5852723189B /* Pods-TestExample.debug.xcconfig */,
				B77AECB5653A853AD8D30F6D /* Pods-TestExample.release.xcconfig */,
			);
			path = Pods;
			sourceTree = "<group>";
		};
		FCF5DCCB632EB4B53FDC7BC7 /* Frameworks */ = {
			isa = PBXGroup;
			children = (
				DEC79FC486D1C9451FC4E365 /* Pods_TestExample.framework */,
			);
			name = Frameworks;
			sourceTree = "<group>";
		};
/* End PBXGroup section */

/* Begin PBXNativeTarget section */
		D74B65A925B6F9B000DB2EB9 /* TestExample */ = {
			isa = PBXNativeTarget;
			buildConfigurationList = D74B65BE25B6F9B100DB2EB9 /* Build configuration list for PBXNativeTarget "TestExample" */;
			buildPhases = (
				E6043E2D061D8587C22748EA /* [CP] Check Pods Manifest.lock */,
				D73C2CCE25B6FE720064A6CB /* ShellScript */,
				D74B65A625B6F9B000DB2EB9 /* Sources */,
				D74B65A725B6F9B000DB2EB9 /* Frameworks */,
				D74B65A825B6F9B000DB2EB9 /* Resources */,
				980671771A2513800A65E9E2 /* [CP] Embed Pods Frameworks */,
				BEB917209527D61F7B1F4443 /* [CP] Copy Pods Resources */,
			);
			buildRules = (
			);
			dependencies = (
			);
			name = TestExample;
			productName = TestExample;
			productReference = D74B65AA25B6F9B000DB2EB9 /* TestExample.app */;
			productType = "com.apple.product-type.application";
		};
/* End PBXNativeTarget section */

/* Begin PBXProject section */
		D74B65A225B6F9B000DB2EB9 /* Project object */ = {
			isa = PBXProject;
			attributes = {
				LastSwiftUpdateCheck = 1230;
				LastUpgradeCheck = 1230;
				TargetAttributes = {
					D74B65A925B6F9B000DB2EB9 = {
						CreatedOnToolsVersion = 12.3;
					};
				};
			};
			buildConfigurationList = D74B65A525B6F9B000DB2EB9 /* Build configuration list for PBXProject "TestExample" */;
			compatibilityVersion = "Xcode 9.3";
			developmentRegion = en;
			hasScannedForEncodings = 0;
			knownRegions = (
				en,
				Base,
			);
			mainGroup = D74B65A125B6F9B000DB2EB9;
			productRefGroup = D74B65AB25B6F9B000DB2EB9 /* Products */;
			projectDirPath = "";
			projectRoot = "";
			targets = (
				D74B65A925B6F9B000DB2EB9 /* TestExample */,
			);
		};
/* End PBXProject section */

/* Begin PBXResourcesBuildPhase section */
		D74B65A825B6F9B000DB2EB9 /* Resources */ = {
			isa = PBXResourcesBuildPhase;
			buildActionMask = 2147483647;
			files = (
				D75CB2D925B876EE005FB28C /* Card.storyboard in Resources */,
				D76F23DB25B715260061772C /* ProductCell.xib in Resources */,
				D75CB2C225B861B0005FB28C /* ProdutBottomSheet.storyboard in Resources */,
				D76F23D225B70B7A0061772C /* Montserrat-Regular.ttf in Resources */,
				D76F23D025B70B7A0061772C /* Montserrat-Light.ttf in Resources */,
				D76F23B425B705870061772C /* CatalogView.xib in Resources */,
				D76F23BA25B707760061772C /* CategoryCell.xib in Resources */,
				D75CB2FC25B879F3005FB28C /* CardCell.xib in Resources */,
				D74B65D325B6FA2C00DB2EB9 /* Main.storyboard in Resources */,
				D76F239E25B703BE0061772C /* Catalog.storyboard in Resources */,
				D72DA8B925B72D8100C1D6F8 /* QuantityStepperView.xib in Resources */,
				D74B65E325B6FAEB00DB2EB9 /* Colors.xcassets in Resources */,
				D74B65BA25B6F9B100DB2EB9 /* LaunchScreen.storyboard in Resources */,
				D76F23C925B70B6E0061772C /* Montserrat-SemiBold.ttf in Resources */,
				D76F23CF25B70B7A0061772C /* Montserrat-Medium.ttf in Resources */,
				D76F23D125B70B7A0061772C /* Montserrat-Bold.ttf in Resources */,
				D75CB2EC25B87822005FB28C /* TabBar.storyboard in Resources */,
				D74B65B725B6F9B100DB2EB9 /* Assets.xcassets in Resources */,
			);
			runOnlyForDeploymentPostprocessing = 0;
		};
/* End PBXResourcesBuildPhase section */

/* Begin PBXShellScriptBuildPhase section */
		980671771A2513800A65E9E2 /* [CP] Embed Pods Frameworks */ = {
			isa = PBXShellScriptBuildPhase;
			buildActionMask = 2147483647;
			files = (
			);
			inputFileListPaths = (
				"${PODS_ROOT}/Target Support Files/Pods-TestExample/Pods-TestExample-frameworks-${CONFIGURATION}-input-files.xcfilelist",
			);
			name = "[CP] Embed Pods Frameworks";
			outputFileListPaths = (
				"${PODS_ROOT}/Target Support Files/Pods-TestExample/Pods-TestExample-frameworks-${CONFIGURATION}-output-files.xcfilelist",
			);
			runOnlyForDeploymentPostprocessing = 0;
			shellPath = /bin/sh;
			shellScript = "\"${PODS_ROOT}/Target Support Files/Pods-TestExample/Pods-TestExample-frameworks.sh\"\n";
			showEnvVarsInLog = 0;
		};
		BEB917209527D61F7B1F4443 /* [CP] Copy Pods Resources */ = {
			isa = PBXShellScriptBuildPhase;
			buildActionMask = 2147483647;
			files = (
			);
			inputFileListPaths = (
				"${PODS_ROOT}/Target Support Files/Pods-TestExample/Pods-TestExample-resources-${CONFIGURATION}-input-files.xcfilelist",
			);
			name = "[CP] Copy Pods Resources";
			outputFileListPaths = (
				"${PODS_ROOT}/Target Support Files/Pods-TestExample/Pods-TestExample-resources-${CONFIGURATION}-output-files.xcfilelist",
			);
			runOnlyForDeploymentPostprocessing = 0;
			shellPath = /bin/sh;
			shellScript = "\"${PODS_ROOT}/Target Support Files/Pods-TestExample/Pods-TestExample-resources.sh\"\n";
			showEnvVarsInLog = 0;
		};
		D73C2CCE25B6FE720064A6CB /* ShellScript */ = {
			isa = PBXShellScriptBuildPhase;
			buildActionMask = 2147483647;
			files = (
			);
			inputFileListPaths = (
			);
			inputPaths = (
				"$TEMP_DIR/rswift-lastrun",
			);
			outputFileListPaths = (
			);
			outputPaths = (
				$SRCROOT/R.generated.swift,
			);
			runOnlyForDeploymentPostprocessing = 0;
			shellPath = /bin/sh;
			shellScript = "\"$PODS_ROOT/R.swift/rswift\" generate \"$SRCROOT/R.generated.swift\"\n";
		};
		E6043E2D061D8587C22748EA /* [CP] Check Pods Manifest.lock */ = {
			isa = PBXShellScriptBuildPhase;
			buildActionMask = 2147483647;
			files = (
			);
			inputFileListPaths = (
			);
			inputPaths = (
				"${PODS_PODFILE_DIR_PATH}/Podfile.lock",
				"${PODS_ROOT}/Manifest.lock",
			);
			name = "[CP] Check Pods Manifest.lock";
			outputFileListPaths = (
			);
			outputPaths = (
				"$(DERIVED_FILE_DIR)/Pods-TestExample-checkManifestLockResult.txt",
			);
			runOnlyForDeploymentPostprocessing = 0;
			shellPath = /bin/sh;
			shellScript = "diff \"${PODS_PODFILE_DIR_PATH}/Podfile.lock\" \"${PODS_ROOT}/Manifest.lock\" > /dev/null\nif [ $? != 0 ] ; then\n    # print error to STDERR\n    echo \"error: The sandbox is not in sync with the Podfile.lock. Run 'pod install' or update your CocoaPods installation.\" >&2\n    exit 1\nfi\n# This output is used by Xcode 'outputs' to avoid re-running this script phase.\necho \"SUCCESS\" > \"${SCRIPT_OUTPUT_FILE_0}\"\n";
			showEnvVarsInLog = 0;
		};
/* End PBXShellScriptBuildPhase section */

/* Begin PBXSourcesBuildPhase section */
		D74B65A625B6F9B000DB2EB9 /* Sources */ = {
			isa = PBXSourcesBuildPhase;
			buildActionMask = 2147483647;
			files = (
				D78DA9B925B73B8700EAF6BE /* TextBoldLabel.swift in Sources */,
				D75CB30225B87C8F005FB28C /* CardProductModel.swift in Sources */,
				D75CB29725B844B8005FB28C /* GMStepper.swift in Sources */,
				D76F23A325B703BE0061772C /* CatalogViewController.swift in Sources */,
				D74B65AE25B6F9B100DB2EB9 /* AppDelegate.swift in Sources */,
				D75CB2C525B861B0005FB28C /* ProdutBottomSheetRouter.swift in Sources */,
				D74B65FA25B6FD4B00DB2EB9 /* CustomLabel.swift in Sources */,
				D76F23BD25B708910061772C /* TextRegularLabel.swift in Sources */,
				D76F23A525B703BE0061772C /* CatalogConfigurator.swift in Sources */,
				D75CB29A25B84B2C005FB28C /* CustomStepper.swift in Sources */,
				D72DA8A625B71F0F00C1D6F8 /* UIView.swift in Sources */,
				D75CB2F325B87822005FB28C /* TabBarConfigurator.swift in Sources */,
				D74B65DA25B6FA2C00DB2EB9 /* MainConfigurator.swift in Sources */,
				D76F23C625B70B080061772C /* R.generated.swift in Sources */,
				D78DA9BF25B73D4300EAF6BE /* AddButton.swift in Sources */,
				D75CB2DE25B876EE005FB28C /* CardViewController.swift in Sources */,
				D74B65D625B6FA2C00DB2EB9 /* MainRouter.swift in Sources */,
				D75CB30925B94F88005FB28C /* CatalogRealmModel.swift in Sources */,
				D75CB2E025B876EE005FB28C /* CardConfigurator.swift in Sources */,
				D75CB2EF25B87822005FB28C /* TabBarRouter.swift in Sources */,
				D74B65D725B6FA2C00DB2EB9 /* MainModels.swift in Sources */,
				D74B65D825B6FA2C00DB2EB9 /* MainViewController.swift in Sources */,
				D76F23A425B703BE0061772C /* CatalogInteractor.swift in Sources */,
				D75CB2C425B861B0005FB28C /* ProdutBottomSheetWorker.swift in Sources */,
				D76F23DA25B715260061772C /* ProductCell.swift in Sources */,
				D75CB2FB25B879F3005FB28C /* CardCell.swift in Sources */,
				D76F23B925B707760061772C /* CategoryCell.swift in Sources */,
				D78DA9C725B7403F00EAF6BE /* CatalogViewModel.swift in Sources */,
				D75CB2C325B861B0005FB28C /* ProdutBottomSheetPresenter.swift in Sources */,
				D75CB30525B94F3F005FB28C /* RealmService.swift in Sources */,
				D75CB2DA25B876EE005FB28C /* CardPresenter.swift in Sources */,
				D75CB2F225B87822005FB28C /* TabBarInteractor.swift in Sources */,
				D76F23B025B7057C0061772C /* CatalogView.swift in Sources */,
				D78DA9AE25B7310700EAF6BE /* StepperButton.swift in Sources */,
				D74B65D525B6FA2C00DB2EB9 /* MainWorker.swift in Sources */,
				D75CB2C825B861B0005FB28C /* ProdutBottomSheetInteractor.swift in Sources */,
				D78DA9C225B73D9B00EAF6BE /* CompanyBrandButton.swift in Sources */,
				D74B65D925B6FA2C00DB2EB9 /* MainInteractor.swift in Sources */,
				D75CB2DC25B876EE005FB28C /* CardRouter.swift in Sources */,
				D75CB2DF25B876EE005FB28C /* CardInteractor.swift in Sources */,
				D75CB2C925B861B0005FB28C /* ProdutBottomSheetConfigurator.swift in Sources */,
				D78DA9B225B739B100EAF6BE /* TitleBoldLabel.swift in Sources */,
				D75CB2ED25B87822005FB28C /* TabBarPresenter.swift in Sources */,
				D76F239F25B703BE0061772C /* CatalogPresenter.swift in Sources */,
				D72DA8B625B72D4F00C1D6F8 /* QuantityStepperView.swift in Sources */,
				D78DA9CB25B7496F00EAF6BE /* CatalogPresenterResponse.swift in Sources */,
				D75CB2EE25B87822005FB28C /* TabBarWorker.swift in Sources */,
				D74B65D425B6FA2C00DB2EB9 /* MainPresenter.swift in Sources */,
				D75CB2C725B861B0005FB28C /* ProdutBottomSheetViewController.swift in Sources */,
				D76F23A125B703BE0061772C /* CatalogRouter.swift in Sources */,
				D78DA9B625B73A8500EAF6BE /* TextGrayRegularLabel.swift in Sources */,
				D75CB2F125B87822005FB28C /* TabBarViewController.swift in Sources */,
				D76F23A025B703BE0061772C /* CatalogWorker.swift in Sources */,
				D75CB2DB25B876EE005FB28C /* CardWorker.swift in Sources */,
			);
			runOnlyForDeploymentPostprocessing = 0;
		};
/* End PBXSourcesBuildPhase section */

/* Begin PBXVariantGroup section */
		D74B65B825B6F9B100DB2EB9 /* LaunchScreen.storyboard */ = {
			isa = PBXVariantGroup;
			children = (
				D74B65B925B6F9B100DB2EB9 /* Base */,
			);
			name = LaunchScreen.storyboard;
			sourceTree = "<group>";
		};
/* End PBXVariantGroup section */

/* Begin XCBuildConfiguration section */
		D74B65BC25B6F9B100DB2EB9 /* Debug */ = {
			isa = XCBuildConfiguration;
			buildSettings = {
				ALWAYS_SEARCH_USER_PATHS = NO;
				CLANG_ANALYZER_NONNULL = YES;
				CLANG_ANALYZER_NUMBER_OBJECT_CONVERSION = YES_AGGRESSIVE;
				CLANG_CXX_LANGUAGE_STANDARD = "gnu++14";
				CLANG_CXX_LIBRARY = "libc++";
				CLANG_ENABLE_MODULES = YES;
				CLANG_ENABLE_OBJC_ARC = YES;
				CLANG_ENABLE_OBJC_WEAK = YES;
				CLANG_WARN_BLOCK_CAPTURE_AUTORELEASING = YES;
				CLANG_WARN_BOOL_CONVERSION = YES;
				CLANG_WARN_COMMA = YES;
				CLANG_WARN_CONSTANT_CONVERSION = YES;
				CLANG_WARN_DEPRECATED_OBJC_IMPLEMENTATIONS = YES;
				CLANG_WARN_DIRECT_OBJC_ISA_USAGE = YES_ERROR;
				CLANG_WARN_DOCUMENTATION_COMMENTS = YES;
				CLANG_WARN_EMPTY_BODY = YES;
				CLANG_WARN_ENUM_CONVERSION = YES;
				CLANG_WARN_INFINITE_RECURSION = YES;
				CLANG_WARN_INT_CONVERSION = YES;
				CLANG_WARN_NON_LITERAL_NULL_CONVERSION = YES;
				CLANG_WARN_OBJC_IMPLICIT_RETAIN_SELF = YES;
				CLANG_WARN_OBJC_LITERAL_CONVERSION = YES;
				CLANG_WARN_OBJC_ROOT_CLASS = YES_ERROR;
				CLANG_WARN_QUOTED_INCLUDE_IN_FRAMEWORK_HEADER = YES;
				CLANG_WARN_RANGE_LOOP_ANALYSIS = YES;
				CLANG_WARN_STRICT_PROTOTYPES = YES;
				CLANG_WARN_SUSPICIOUS_MOVE = YES;
				CLANG_WARN_UNGUARDED_AVAILABILITY = YES_AGGRESSIVE;
				CLANG_WARN_UNREACHABLE_CODE = YES;
				CLANG_WARN__DUPLICATE_METHOD_MATCH = YES;
				COPY_PHASE_STRIP = NO;
				DEBUG_INFORMATION_FORMAT = dwarf;
				ENABLE_STRICT_OBJC_MSGSEND = YES;
				ENABLE_TESTABILITY = YES;
				GCC_C_LANGUAGE_STANDARD = gnu11;
				GCC_DYNAMIC_NO_PIC = NO;
				GCC_NO_COMMON_BLOCKS = YES;
				GCC_OPTIMIZATION_LEVEL = 0;
				GCC_PREPROCESSOR_DEFINITIONS = (
					"DEBUG=1",
					"$(inherited)",
				);
				GCC_WARN_64_TO_32_BIT_CONVERSION = YES;
				GCC_WARN_ABOUT_RETURN_TYPE = YES_ERROR;
				GCC_WARN_UNDECLARED_SELECTOR = YES;
				GCC_WARN_UNINITIALIZED_AUTOS = YES_AGGRESSIVE;
				GCC_WARN_UNUSED_FUNCTION = YES;
				GCC_WARN_UNUSED_VARIABLE = YES;
				IPHONEOS_DEPLOYMENT_TARGET = 14.3;
				MTL_ENABLE_DEBUG_INFO = INCLUDE_SOURCE;
				MTL_FAST_MATH = YES;
				ONLY_ACTIVE_ARCH = YES;
				SDKROOT = iphoneos;
				SWIFT_ACTIVE_COMPILATION_CONDITIONS = DEBUG;
				SWIFT_OPTIMIZATION_LEVEL = "-Onone";
			};
			name = Debug;
		};
		D74B65BD25B6F9B100DB2EB9 /* Release */ = {
			isa = XCBuildConfiguration;
			buildSettings = {
				ALWAYS_SEARCH_USER_PATHS = NO;
				CLANG_ANALYZER_NONNULL = YES;
				CLANG_ANALYZER_NUMBER_OBJECT_CONVERSION = YES_AGGRESSIVE;
				CLANG_CXX_LANGUAGE_STANDARD = "gnu++14";
				CLANG_CXX_LIBRARY = "libc++";
				CLANG_ENABLE_MODULES = YES;
				CLANG_ENABLE_OBJC_ARC = YES;
				CLANG_ENABLE_OBJC_WEAK = YES;
				CLANG_WARN_BLOCK_CAPTURE_AUTORELEASING = YES;
				CLANG_WARN_BOOL_CONVERSION = YES;
				CLANG_WARN_COMMA = YES;
				CLANG_WARN_CONSTANT_CONVERSION = YES;
				CLANG_WARN_DEPRECATED_OBJC_IMPLEMENTATIONS = YES;
				CLANG_WARN_DIRECT_OBJC_ISA_USAGE = YES_ERROR;
				CLANG_WARN_DOCUMENTATION_COMMENTS = YES;
				CLANG_WARN_EMPTY_BODY = YES;
				CLANG_WARN_ENUM_CONVERSION = YES;
				CLANG_WARN_INFINITE_RECURSION = YES;
				CLANG_WARN_INT_CONVERSION = YES;
				CLANG_WARN_NON_LITERAL_NULL_CONVERSION = YES;
				CLANG_WARN_OBJC_IMPLICIT_RETAIN_SELF = YES;
				CLANG_WARN_OBJC_LITERAL_CONVERSION = YES;
				CLANG_WARN_OBJC_ROOT_CLASS = YES_ERROR;
				CLANG_WARN_QUOTED_INCLUDE_IN_FRAMEWORK_HEADER = YES;
				CLANG_WARN_RANGE_LOOP_ANALYSIS = YES;
				CLANG_WARN_STRICT_PROTOTYPES = YES;
				CLANG_WARN_SUSPICIOUS_MOVE = YES;
				CLANG_WARN_UNGUARDED_AVAILABILITY = YES_AGGRESSIVE;
				CLANG_WARN_UNREACHABLE_CODE = YES;
				CLANG_WARN__DUPLICATE_METHOD_MATCH = YES;
				COPY_PHASE_STRIP = NO;
				DEBUG_INFORMATION_FORMAT = "dwarf-with-dsym";
				ENABLE_NS_ASSERTIONS = NO;
				ENABLE_STRICT_OBJC_MSGSEND = YES;
				GCC_C_LANGUAGE_STANDARD = gnu11;
				GCC_NO_COMMON_BLOCKS = YES;
				GCC_WARN_64_TO_32_BIT_CONVERSION = YES;
				GCC_WARN_ABOUT_RETURN_TYPE = YES_ERROR;
				GCC_WARN_UNDECLARED_SELECTOR = YES;
				GCC_WARN_UNINITIALIZED_AUTOS = YES_AGGRESSIVE;
				GCC_WARN_UNUSED_FUNCTION = YES;
				GCC_WARN_UNUSED_VARIABLE = YES;
				IPHONEOS_DEPLOYMENT_TARGET = 14.3;
				MTL_ENABLE_DEBUG_INFO = NO;
				MTL_FAST_MATH = YES;
				SDKROOT = iphoneos;
				SWIFT_COMPILATION_MODE = wholemodule;
				SWIFT_OPTIMIZATION_LEVEL = "-O";
				VALIDATE_PRODUCT = YES;
			};
			name = Release;
		};
		D74B65BF25B6F9B100DB2EB9 /* Debug */ = {
			isa = XCBuildConfiguration;
			baseConfigurationReference = 5FD686224B35F5852723189B /* Pods-TestExample.debug.xcconfig */;
			buildSettings = {
				ASSETCATALOG_COMPILER_APPICON_NAME = AppIcon;
				ASSETCATALOG_COMPILER_GLOBAL_ACCENT_COLOR_NAME = AccentColor;
				CODE_SIGN_STYLE = Automatic;
				DEVELOPMENT_TEAM = AW7PB72PXH;
				INFOPLIST_FILE = TestExample/Application/Info.plist;
				LD_RUNPATH_SEARCH_PATHS = (
					"$(inherited)",
					"@executable_path/Frameworks",
				);
				PRODUCT_BUNDLE_IDENTIFIER = Unitbean.TestExample;
				PRODUCT_NAME = "$(TARGET_NAME)";
				SWIFT_VERSION = 5.0;
				TARGETED_DEVICE_FAMILY = "1,2";
			};
			name = Debug;
		};
		D74B65C025B6F9B100DB2EB9 /* Release */ = {
			isa = XCBuildConfiguration;
			baseConfigurationReference = B77AECB5653A853AD8D30F6D /* Pods-TestExample.release.xcconfig */;
			buildSettings = {
				ASSETCATALOG_COMPILER_APPICON_NAME = AppIcon;
				ASSETCATALOG_COMPILER_GLOBAL_ACCENT_COLOR_NAME = AccentColor;
				CODE_SIGN_STYLE = Automatic;
				DEVELOPMENT_TEAM = AW7PB72PXH;
				INFOPLIST_FILE = TestExample/Application/Info.plist;
				LD_RUNPATH_SEARCH_PATHS = (
					"$(inherited)",
					"@executable_path/Frameworks",
				);
				PRODUCT_BUNDLE_IDENTIFIER = Unitbean.TestExample;
				PRODUCT_NAME = "$(TARGET_NAME)";
				SWIFT_VERSION = 5.0;
				TARGETED_DEVICE_FAMILY = "1,2";
			};
			name = Release;
		};
/* End XCBuildConfiguration section */

/* Begin XCConfigurationList section */
		D74B65A525B6F9B000DB2EB9 /* Build configuration list for PBXProject "TestExample" */ = {
			isa = XCConfigurationList;
			buildConfigurations = (
				D74B65BC25B6F9B100DB2EB9 /* Debug */,
				D74B65BD25B6F9B100DB2EB9 /* Release */,
			);
			defaultConfigurationIsVisible = 0;
			defaultConfigurationName = Release;
		};
		D74B65BE25B6F9B100DB2EB9 /* Build configuration list for PBXNativeTarget "TestExample" */ = {
			isa = XCConfigurationList;
			buildConfigurations = (
				D74B65BF25B6F9B100DB2EB9 /* Debug */,
				D74B65C025B6F9B100DB2EB9 /* Release */,
			);
			defaultConfigurationIsVisible = 0;
			defaultConfigurationName = Release;
		};
/* End XCConfigurationList section */
	};
	rootObject = D74B65A225B6F9B000DB2EB9 /* Project object */;
}
